
Microsoft Visual Studio Solution File, Format Version 12.00
# Visual Studio 2012
Project("{2150E333-8FDC-42A3-9474-1A3956D46DE8}") = "Solution Items", "Solution Items", "{EA3D2CC3-D62E-41BC-8EF4-85806211B4A1}"
	ProjectSection(SolutionItems) = preProject
		CopyDependencies.bat = CopyDependencies.bat
		CopySingleDependency.bat = CopySingleDependency.bat
	EndProjectSection
EndProject
Project("{8BC9CEB8-8B4A-11D0-8D11-00A0C91BC942}") = "ThorTSI_CS", "ThorTSI_CS\ThorTSI_CS.vcxproj", "{20CC761A-B455-40F0-AD0F-0B92E0B545A7}"
EndProject
Project("{8BC9CEB8-8B4A-11D0-8D11-00A0C91BC942}") = "ThorTSI_CSTestApp", "ThorTSI_CSTestApp\ThorTSI_CSTestApp.vcxproj", "{781626A7-6E94-4A65-9C32-2007A1C70234}"
EndProject
Project("{8BC9CEB8-8B4A-11D0-8D11-00A0C91BC942}") = "ThorTSI_CS_SDKTest", "ThorTSI_CS_SDKTest\ThorTSI_CS_SDKTest.vcxproj", "{5DAF3392-EA85-4800-B944-428A9734C3A7}"
EndProject
Global
	GlobalSection(TeamFoundationVersionControl) = preSolution
		SccNumberOfProjects = 4
		SccEnterpriseProvider = {4CA58AB2-18FA-4F8D-95D4-32DDF27D184C}
		SccTeamFoundationServer = http://stl-tfs1:8080/tfs/thorimagels
		SccLocalPath0 = .
		SccProjectUniqueName1 = ThorTSI_CS\\ThorTSI_CS.vcxproj
		SccProjectName1 = ThorTSI_CS
		SccLocalPath1 = ThorTSI_CS
		SccProjectUniqueName2 = ThorTSI_CSTestApp\\ThorTSI_CSTestApp.vcxproj
		SccProjectName2 = ThorTSI_CSTestApp
		SccLocalPath2 = ThorTSI_CSTestApp
		SccProjectUniqueName3 = ThorTSI_CS_SDKTest\\ThorTSI_CS_SDKTest.vcxproj
		SccProjectName3 = ThorTSI_CS_SDKTest
		SccLocalPath3 = ThorTSI_CS_SDKTest
	EndGlobalSection
	GlobalSection(SolutionConfigurationPlatforms) = preSolution
		Debug|Mixed Platforms = Debug|Mixed Platforms
		Debug|Win32 = Debug|Win32
		Debug|x64 = Debug|x64
		Release|Mixed Platforms = Release|Mixed Platforms
		Release|Win32 = Release|Win32
		Release|x64 = Release|x64
	EndGlobalSection
	GlobalSection(ProjectConfigurationPlatforms) = postSolution
		{20CC761A-B455-40F0-AD0F-0B92E0B545A7}.Debug|Mixed Platforms.ActiveCfg = Debug|Win32
		{20CC761A-B455-40F0-AD0F-0B92E0B545A7}.Debug|Mixed Platforms.Build.0 = Debug|Win32
		{20CC761A-B455-40F0-AD0F-0B92E0B545A7}.Debug|Mixed Platforms.Deploy.0 = Debug|Win32
		{20CC761A-B455-40F0-AD0F-0B92E0B545A7}.Debug|Win32.ActiveCfg = Debug|Win32
		{20CC761A-B455-40F0-AD0F-0B92E0B545A7}.Debug|Win32.Build.0 = Debug|Win32
		{20CC761A-B455-40F0-AD0F-0B92E0B545A7}.Debug|x64.ActiveCfg = Debug|x64
		{20CC761A-B455-40F0-AD0F-0B92E0B545A7}.Debug|x64.Build.0 = Debug|x64
		{20CC761A-B455-40F0-AD0F-0B92E0B545A7}.Release|Mixed Platforms.ActiveCfg = Release|Win32
		{20CC761A-B455-40F0-AD0F-0B92E0B545A7}.Release|Mixed Platforms.Build.0 = Release|Win32
		{20CC761A-B455-40F0-AD0F-0B92E0B545A7}.Release|Mixed Platforms.Deploy.0 = Release|Win32
		{20CC761A-B455-40F0-AD0F-0B92E0B545A7}.Release|Win32.ActiveCfg = Release|Win32
		{20CC761A-B455-40F0-AD0F-0B92E0B545A7}.Release|Win32.Build.0 = Release|Win32
		{20CC761A-B455-40F0-AD0F-0B92E0B545A7}.Release|x64.ActiveCfg = Release|x64
		{20CC761A-B455-40F0-AD0F-0B92E0B545A7}.Release|x64.Build.0 = Release|x64
		{781626A7-6E94-4A65-9C32-2007A1C70234}.Debug|Mixed Platforms.ActiveCfg = Debug|Win32
		{781626A7-6E94-4A65-9C32-2007A1C70234}.Debug|Mixed Platforms.Build.0 = Debug|Win32
		{781626A7-6E94-4A65-9C32-2007A1C70234}.Debug|Mixed Platforms.Deploy.0 = Debug|Win32
		{781626A7-6E94-4A65-9C32-2007A1C70234}.Debug|Win32.ActiveCfg = Debug|Win32
		{781626A7-6E94-4A65-9C32-2007A1C70234}.Debug|Win32.Build.0 = Debug|Win32
		{781626A7-6E94-4A65-9C32-2007A1C70234}.Debug|x64.ActiveCfg = Debug|x64
		{781626A7-6E94-4A65-9C32-2007A1C70234}.Release|Mixed Platforms.ActiveCfg = Release|Win32
		{781626A7-6E94-4A65-9C32-2007A1C70234}.Release|Mixed Platforms.Build.0 = Release|Win32
		{781626A7-6E94-4A65-9C32-2007A1C70234}.Release|Mixed Platforms.Deploy.0 = Release|Win32
		{781626A7-6E94-4A65-9C32-2007A1C70234}.Release|Win32.ActiveCfg = Release|Win32
		{781626A7-6E94-4A65-9C32-2007A1C70234}.Release|Win32.Build.0 = Release|Win32
		{781626A7-6E94-4A65-9C32-2007A1C70234}.Release|x64.ActiveCfg = Release|x64
		{5DAF3392-EA85-4800-B944-428A9734C3A7}.Debug|Mixed Platforms.ActiveCfg = Debug|Win32
		{5DAF3392-EA85-4800-B944-428A9734C3A7}.Debug|Mixed Platforms.Build.0 = Debug|Win32
		{5DAF3392-EA85-4800-B944-428A9734C3A7}.Debug|Mixed Platforms.Deploy.0 = Debug|Win32
		{5DAF3392-EA85-4800-B944-428A9734C3A7}.Debug|Win32.ActiveCfg = Debug|Win32
		{5DAF3392-EA85-4800-B944-428A9734C3A7}.Debug|Win32.Build.0 = Debug|Win32
		{5DAF3392-EA85-4800-B944-428A9734C3A7}.Debug|Win32.Deploy.0 = Debug|Win32
		{5DAF3392-EA85-4800-B944-428A9734C3A7}.Debug|x64.ActiveCfg = Debug|x64
		{5DAF3392-EA85-4800-B944-428A9734C3A7}.Release|Mixed Platforms.ActiveCfg = Release|Win32
		{5DAF3392-EA85-4800-B944-428A9734C3A7}.Release|Mixed Platforms.Build.0 = Release|Win32
		{5DAF3392-EA85-4800-B944-428A9734C3A7}.Release|Mixed Platforms.Deploy.0 = Release|Win32
		{5DAF3392-EA85-4800-B944-428A9734C3A7}.Release|Win32.ActiveCfg = Release|Win32
		{5DAF3392-EA85-4800-B944-428A9734C3A7}.Release|Win32.Build.0 = Release|Win32
		{5DAF3392-EA85-4800-B944-428A9734C3A7}.Release|Win32.Deploy.0 = Release|Win32
		{5DAF3392-EA85-4800-B944-428A9734C3A7}.Release|x64.ActiveCfg = Release|x64
	EndGlobalSection
	GlobalSection(SolutionProperties) = preSolution
		HideSolutionNode = FALSE
	EndGlobalSection
EndGlobal
