
Microsoft Visual Studio Solution File, Format Version 12.00
# Visual Studio 2012
Project("{FAE04EC0-301F-11D3-BF4B-00C04F79EFBC}") = "HelpProvider", "HelpProvider\HelpProvider.csproj", "{DC10E0EB-E507-44D3-8F63-5E7BF4DC5FC9}"
EndProject
Global
	GlobalSection(TeamFoundationVersionControl) = preSolution
		SccNumberOfProjects = 2
		SccEnterpriseProvider = {4CA58AB2-18FA-4F8D-95D4-32DDF27D184C}
		SccTeamFoundationServer = http://vateam02:8080/tfs/defaultcollection
		SccLocalPath0 = .
		SccProjectUniqueName1 = HelpProvider\\HelpProvider.csproj
		SccProjectName1 = HelpProvider
		SccLocalPath1 = HelpProvider
	EndGlobalSection
	GlobalSection(SolutionConfigurationPlatforms) = preSolution
		Debug|Any CPU = Debug|Any CPU
		Release|Any CPU = Release|Any CPU
	EndGlobalSection
	GlobalSection(ProjectConfigurationPlatforms) = postSolution
		{DC10E0EB-E507-44D3-8F63-5E7BF4DC5FC9}.Debug|Any CPU.ActiveCfg = Debug|Any CPU
		{DC10E0EB-E507-44D3-8F63-5E7BF4DC5FC9}.Debug|Any CPU.Build.0 = Debug|Any CPU
		{DC10E0EB-E507-44D3-8F63-5E7BF4DC5FC9}.Release|Any CPU.ActiveCfg = Release|Any CPU
		{DC10E0EB-E507-44D3-8F63-5E7BF4DC5FC9}.Release|Any CPU.Build.0 = Release|Any CPU
	EndGlobalSection
	GlobalSection(SolutionProperties) = preSolution
		HideSolutionNode = FALSE
	EndGlobalSection
EndGlobal
