
Microsoft Visual Studio Solution File, Format Version 12.00
# Visual Studio 2012
Project("{FAE04EC0-301F-11D3-BF4B-00C04F79EFBC}") = "SpinnerProgress", "SpinnerProgress\SpinnerProgress.csproj", "{C8E7D978-4C8A-4DEB-8DDA-6A98A4A7B34F}"
EndProject
Global
	GlobalSection(TeamFoundationVersionControl) = preSolution
		SccNumberOfProjects = 1
		SccEnterpriseProvider = {4CA58AB2-18FA-4F8D-95D4-32DDF27D184C}
		SccTeamFoundationServer = http://stl-tfs1:8080/tfs/thorimagels
		SccProjectUniqueName0 = SpinnerProgress\\SpinnerProgress.csproj
		SccProjectName0 = SpinnerProgress
		SccAuxPath0 = http://stl-tfs1:8080/tfs/thorimagels
		SccLocalPath0 = SpinnerProgress
		SccProvider0 = {4CA58AB2-18FA-4F8D-95D4-32DDF27D184C}
	EndGlobalSection
	GlobalSection(SolutionConfigurationPlatforms) = preSolution
		Debug|Any CPU = Debug|Any CPU
		Release|Any CPU = Release|Any CPU
	EndGlobalSection
	GlobalSection(ProjectConfigurationPlatforms) = postSolution
		{C8E7D978-4C8A-4DEB-8DDA-6A98A4A7B34F}.Debug|Any CPU.ActiveCfg = Debug|Any CPU
		{C8E7D978-4C8A-4DEB-8DDA-6A98A4A7B34F}.Debug|Any CPU.Build.0 = Debug|Any CPU
		{C8E7D978-4C8A-4DEB-8DDA-6A98A4A7B34F}.Release|Any CPU.ActiveCfg = Release|Any CPU
		{C8E7D978-4C8A-4DEB-8DDA-6A98A4A7B34F}.Release|Any CPU.Build.0 = Release|Any CPU
	EndGlobalSection
	GlobalSection(SolutionProperties) = preSolution
		HideSolutionNode = FALSE
	EndGlobalSection
EndGlobal
