Microsoft Visual Studio Solution File, Format Version 12.00
# Visual Studio 2012
Project("{8BC9CEB8-8B4A-11D0-8D11-00A0C91BC942}") = "ThorZStepper", "ThorZStepper\ThorZStepper.vcxproj", "{B3DF3F91-AA9B-4C96-86BD-70C4051589BB}"
EndProject
Project("{8BC9CEB8-8B4A-11D0-8D11-00A0C91BC942}") = "DeviceTest", "..\_DeviceTests\DeviceTest.vcxproj", "{234F0447-ED60-4222-AFA9-0F79819BF6C8}"
EndProject
Global
	GlobalSection(TeamFoundationVersionControl) = preSolution
		SccNumberOfProjects = 3
		SccEnterpriseProvider = {4CA58AB2-18FA-4F8D-95D4-32DDF27D184C}
		SccTeamFoundationServer = http://vateam02:8080/tfs/defaultcollection
		SccLocalPath0 = .
		SccProjectUniqueName1 = ThorZStepper\\ThorZStepper.vcxproj
		SccProjectName1 = ThorZStepper
		SccLocalPath1 = ThorZStepper
		SccProjectUniqueName2 = ..\\_DeviceTests\\DeviceTest.vcxproj
		SccProjectName2 = ../_DeviceTests
		SccLocalPath2 = ..\\_DeviceTests
	EndGlobalSection
	GlobalSection(SolutionConfigurationPlatforms) = preSolution
		Debug|Win32 = Debug|Win32
		Debug|x64 = Debug|x64
		Release|Win32 = Release|Win32
		Release|x64 = Release|x64
	EndGlobalSection
	GlobalSection(ProjectConfigurationPlatforms) = postSolution
		{B3DF3F91-AA9B-4C96-86BD-70C4051589BB}.Debug|Win32.ActiveCfg = Debug|Win32
		{B3DF3F91-AA9B-4C96-86BD-70C4051589BB}.Debug|Win32.Build.0 = Debug|Win32
		{B3DF3F91-AA9B-4C96-86BD-70C4051589BB}.Debug|x64.ActiveCfg = Debug|x64
		{B3DF3F91-AA9B-4C96-86BD-70C4051589BB}.Debug|x64.Build.0 = Debug|x64
		{B3DF3F91-AA9B-4C96-86BD-70C4051589BB}.Release|Win32.ActiveCfg = Release|Win32
		{B3DF3F91-AA9B-4C96-86BD-70C4051589BB}.Release|Win32.Build.0 = Release|Win32
		{B3DF3F91-AA9B-4C96-86BD-70C4051589BB}.Release|x64.ActiveCfg = Release|x64
		{B3DF3F91-AA9B-4C96-86BD-70C4051589BB}.Release|x64.Build.0 = Release|x64
		{234F0447-ED60-4222-AFA9-0F79819BF6C8}.Debug|Win32.ActiveCfg = Debug|Win32
		{234F0447-ED60-4222-AFA9-0F79819BF6C8}.Debug|Win32.Build.0 = Debug|Win32
		{234F0447-ED60-4222-AFA9-0F79819BF6C8}.Debug|x64.ActiveCfg = Debug|x64
		{234F0447-ED60-4222-AFA9-0F79819BF6C8}.Debug|x64.Build.0 = Debug|x64
		{234F0447-ED60-4222-AFA9-0F79819BF6C8}.Release|Win32.ActiveCfg = Release|Win32
		{234F0447-ED60-4222-AFA9-0F79819BF6C8}.Release|Win32.Build.0 = Release|Win32
		{234F0447-ED60-4222-AFA9-0F79819BF6C8}.Release|x64.ActiveCfg = Release|x64
		{234F0447-ED60-4222-AFA9-0F79819BF6C8}.Release|x64.Build.0 = Release|x64
	EndGlobalSection
	GlobalSection(SolutionProperties) = preSolution
		HideSolutionNode = FALSE
	EndGlobalSection
EndGlobal
