
Microsoft Visual Studio Solution File, Format Version 12.00
# Visual Studio 2012
Project("{FAE04EC0-301F-11D3-BF4B-00C04F79EFBC}") = "PinholeControl", "PinholeControl\PinholeControl.csproj", "{C1F2D0C7-C826-4E02-8B4D-05F2A0FC4642}"
EndProject
Project("{FAE04EC0-301F-11D3-BF4B-00C04F79EFBC}") = "PinholeControlTestApp", "PinholeControlTestApp\PinholeControlTestApp.csproj", "{44401265-DD87-4A56-B196-144D70BCDDF1}"
EndProject
Global
	GlobalSection(TeamFoundationVersionControl) = preSolution
		SccNumberOfProjects = 3
		SccEnterpriseProvider = {4CA58AB2-18FA-4F8D-95D4-32DDF27D184C}
		SccTeamFoundationServer = http://stl-tfs1:8080/tfs/thorimagels
		SccLocalPath0 = .
		SccProjectUniqueName1 = PinholeControl\\PinholeControl.csproj
		SccProjectName1 = PinholeControl
		SccLocalPath1 = PinholeControl
		SccProjectUniqueName2 = PinholeControlTestApp\\PinholeControlTestApp.csproj
		SccProjectName2 = PinholeControlTestApp
		SccLocalPath2 = PinholeControlTestApp
	EndGlobalSection
	GlobalSection(SolutionConfigurationPlatforms) = preSolution
		Debug|Any CPU = Debug|Any CPU
		Release|Any CPU = Release|Any CPU
	EndGlobalSection
	GlobalSection(ProjectConfigurationPlatforms) = postSolution
		{C1F2D0C7-C826-4E02-8B4D-05F2A0FC4642}.Debug|Any CPU.ActiveCfg = Debug|Any CPU
		{C1F2D0C7-C826-4E02-8B4D-05F2A0FC4642}.Debug|Any CPU.Build.0 = Debug|Any CPU
		{C1F2D0C7-C826-4E02-8B4D-05F2A0FC4642}.Release|Any CPU.ActiveCfg = Release|Any CPU
		{C1F2D0C7-C826-4E02-8B4D-05F2A0FC4642}.Release|Any CPU.Build.0 = Release|Any CPU
		{44401265-DD87-4A56-B196-144D70BCDDF1}.Debug|Any CPU.ActiveCfg = Debug|Any CPU
		{44401265-DD87-4A56-B196-144D70BCDDF1}.Debug|Any CPU.Build.0 = Debug|Any CPU
		{44401265-DD87-4A56-B196-144D70BCDDF1}.Release|Any CPU.ActiveCfg = Release|Any CPU
		{44401265-DD87-4A56-B196-144D70BCDDF1}.Release|Any CPU.Build.0 = Release|Any CPU
	EndGlobalSection
	GlobalSection(SolutionProperties) = preSolution
		HideSolutionNode = FALSE
	EndGlobalSection
EndGlobal
