
Microsoft Visual Studio Solution File, Format Version 12.00
# Visual Studio 2012
Project("{8BC9CEB8-8B4A-11D0-8D11-00A0C91BC942}") = "ThorLightPathSimulator", "ThorLightPathSimulator\ThorLightPathSimulator.vcxproj", "{FDFC32FB-1208-4852-A767-9D311163602F}"
EndProject
Project("{2150E333-8FDC-42A3-9474-1A3956D46DE8}") = "Solution Items", "Solution Items", "{D26C3633-F8CD-43B9-846E-A4553F658A53}"
	ProjectSection(SolutionItems) = preProject
		TestSettings1.testsettings = TestSettings1.testsettings
		ThorLightPathSimulator1.vsmdi = ThorLightPathSimulator1.vsmdi
	EndProjectSection
EndProject
Project("{FAE04EC0-301F-11D3-BF4B-00C04F79EFBC}") = "ThorLightPathSimulatorTest", "ThorLightPathSimulatorTest\ThorLightPathSimulatorTest.csproj", "{61C07111-17BC-4CEE-8118-95B2AD7FC212}"
EndProject
Global
	GlobalSection(TeamFoundationVersionControl) = preSolution
		SccNumberOfProjects = 3
		SccEnterpriseProvider = {4CA58AB2-18FA-4F8D-95D4-32DDF27D184C}
		SccTeamFoundationServer = http://stl-tfs1:8080/tfs/thorimagels
		SccLocalPath0 = .
		SccProjectUniqueName1 = ThorLightPathSimulator\\ThorLightPathSimulator.vcxproj
		SccProjectName1 = ThorLightPathSimulator
		SccLocalPath1 = ThorLightPathSimulator
		SccProjectUniqueName2 = ThorLightPathSimulatorTest\\ThorLightPathSimulatorTest.csproj
		SccProjectName2 = ThorLightPathSimulatorTest
		SccLocalPath2 = ThorLightPathSimulatorTest
	EndGlobalSection
	GlobalSection(TestCaseManagementSettings) = postSolution
		CategoryFile = ThorLightPathSimulator1.vsmdi
	EndGlobalSection
	GlobalSection(SolutionConfigurationPlatforms) = preSolution
		Debug|Any CPU = Debug|Any CPU
		Debug|Mixed Platforms = Debug|Mixed Platforms
		Debug|Win32 = Debug|Win32
		Debug|x64 = Debug|x64
		Debug|x86 = Debug|x86
		Release|Any CPU = Release|Any CPU
		Release|Mixed Platforms = Release|Mixed Platforms
		Release|Win32 = Release|Win32
		Release|x64 = Release|x64
		Release|x86 = Release|x86
	EndGlobalSection
	GlobalSection(ProjectConfigurationPlatforms) = postSolution
		{FDFC32FB-1208-4852-A767-9D311163602F}.Debug|Any CPU.ActiveCfg = Debug|x64
		{FDFC32FB-1208-4852-A767-9D311163602F}.Debug|Mixed Platforms.ActiveCfg = Debug|x64
		{FDFC32FB-1208-4852-A767-9D311163602F}.Debug|Mixed Platforms.Build.0 = Debug|x64
		{FDFC32FB-1208-4852-A767-9D311163602F}.Debug|Mixed Platforms.Deploy.0 = Debug|x64
		{FDFC32FB-1208-4852-A767-9D311163602F}.Debug|Win32.ActiveCfg = Debug|Win32
		{FDFC32FB-1208-4852-A767-9D311163602F}.Debug|Win32.Build.0 = Debug|Win32
		{FDFC32FB-1208-4852-A767-9D311163602F}.Debug|Win32.Deploy.0 = Debug|Win32
		{FDFC32FB-1208-4852-A767-9D311163602F}.Debug|x64.ActiveCfg = Debug|x64
		{FDFC32FB-1208-4852-A767-9D311163602F}.Debug|x64.Build.0 = Debug|x64
		{FDFC32FB-1208-4852-A767-9D311163602F}.Debug|x86.ActiveCfg = Debug|Win32
		{FDFC32FB-1208-4852-A767-9D311163602F}.Debug|x86.Build.0 = Debug|Win32
		{FDFC32FB-1208-4852-A767-9D311163602F}.Debug|x86.Deploy.0 = Debug|Win32
		{FDFC32FB-1208-4852-A767-9D311163602F}.Release|Any CPU.ActiveCfg = Release|Win32
		{FDFC32FB-1208-4852-A767-9D311163602F}.Release|Mixed Platforms.ActiveCfg = Release|x64
		{FDFC32FB-1208-4852-A767-9D311163602F}.Release|Mixed Platforms.Build.0 = Release|x64
		{FDFC32FB-1208-4852-A767-9D311163602F}.Release|Mixed Platforms.Deploy.0 = Release|x64
		{FDFC32FB-1208-4852-A767-9D311163602F}.Release|Win32.ActiveCfg = Release|Win32
		{FDFC32FB-1208-4852-A767-9D311163602F}.Release|Win32.Build.0 = Release|Win32
		{FDFC32FB-1208-4852-A767-9D311163602F}.Release|Win32.Deploy.0 = Release|Win32
		{FDFC32FB-1208-4852-A767-9D311163602F}.Release|x64.ActiveCfg = Release|x64
		{FDFC32FB-1208-4852-A767-9D311163602F}.Release|x64.Build.0 = Release|x64
		{FDFC32FB-1208-4852-A767-9D311163602F}.Release|x64.Deploy.0 = Release|x64
		{FDFC32FB-1208-4852-A767-9D311163602F}.Release|x86.ActiveCfg = Release|Win32
		{FDFC32FB-1208-4852-A767-9D311163602F}.Release|x86.Build.0 = Release|Win32
		{FDFC32FB-1208-4852-A767-9D311163602F}.Release|x86.Deploy.0 = Release|Win32
		{61C07111-17BC-4CEE-8118-95B2AD7FC212}.Debug|Any CPU.ActiveCfg = Debug|Any CPU
		{61C07111-17BC-4CEE-8118-95B2AD7FC212}.Debug|Any CPU.Build.0 = Debug|Any CPU
		{61C07111-17BC-4CEE-8118-95B2AD7FC212}.Debug|Mixed Platforms.ActiveCfg = Debug|Any CPU
		{61C07111-17BC-4CEE-8118-95B2AD7FC212}.Debug|Mixed Platforms.Build.0 = Debug|Any CPU
		{61C07111-17BC-4CEE-8118-95B2AD7FC212}.Debug|Win32.ActiveCfg = Debug|Any CPU
		{61C07111-17BC-4CEE-8118-95B2AD7FC212}.Debug|x64.ActiveCfg = Debug|Any CPU
		{61C07111-17BC-4CEE-8118-95B2AD7FC212}.Debug|x86.ActiveCfg = Debug|Any CPU
		{61C07111-17BC-4CEE-8118-95B2AD7FC212}.Release|Any CPU.ActiveCfg = Release|Any CPU
		{61C07111-17BC-4CEE-8118-95B2AD7FC212}.Release|Any CPU.Build.0 = Release|Any CPU
		{61C07111-17BC-4CEE-8118-95B2AD7FC212}.Release|Mixed Platforms.ActiveCfg = Release|Any CPU
		{61C07111-17BC-4CEE-8118-95B2AD7FC212}.Release|Mixed Platforms.Build.0 = Release|Any CPU
		{61C07111-17BC-4CEE-8118-95B2AD7FC212}.Release|Win32.ActiveCfg = Release|Any CPU
		{61C07111-17BC-4CEE-8118-95B2AD7FC212}.Release|x64.ActiveCfg = Release|Any CPU
		{61C07111-17BC-4CEE-8118-95B2AD7FC212}.Release|x86.ActiveCfg = Release|Any CPU
	EndGlobalSection
	GlobalSection(SolutionProperties) = preSolution
		HideSolutionNode = FALSE
	EndGlobalSection
EndGlobal
