
Microsoft Visual Studio Solution File, Format Version 12.00
# Visual Studio Version 16
VisualStudioVersion = 16.0.30204.135
MinimumVisualStudioVersion = 10.0.40219.1
Project("{2150E333-8FDC-42A3-9474-1A3956D46DE8}") = "Lib", "Lib", "{92F6E246-D7D4-4CF0-BAB9-B25E371148D2}"
EndProject
Project("{8BC9CEB8-8B4A-11D0-8D11-00A0C91BC942}") = "ThordaqDFLIM", "Lib\ThordaqDFLIM\ThordaqDFLIM.vcxproj", "{25E8FCB2-28B5-4A93-97A1-CFDBE3B55171}"
EndProject
Project("{2150E333-8FDC-42A3-9474-1A3956D46DE8}") = "App", "App", "{E750F875-89FE-417B-BF44-AE959E3A0A8E}"
EndProject
Project("{2150E333-8FDC-42A3-9474-1A3956D46DE8}") = "Dll", "Dll", "{D5E76DEC-3A6F-47DB-8011-B30CA1E43EFA}"
EndProject
Project("{2150E333-8FDC-42A3-9474-1A3956D46DE8}") = "ThordaqGG", "ThordaqGG", "{FD74E957-2B9D-4161-B609-AA14D5C514D6}"
EndProject
Project("{8BC9CEB8-8B4A-11D0-8D11-00A0C91BC942}") = "ThorDFLIMGalvoGalvo", "Dll\ThorDFLIMGalvoGalvo\ThorDFLIMGalvoGalvo.vcxproj", "{DEC2B4B6-3CC8-4683-8BB8-2BC6FB80CE2C}"
	ProjectSection(ProjectDependencies) = postProject
		{25E8FCB2-28B5-4A93-97A1-CFDBE3B55171} = {25E8FCB2-28B5-4A93-97A1-CFDBE3B55171}
	EndProjectSection
EndProject
Project("{2150E333-8FDC-42A3-9474-1A3956D46DE8}") = "Driver", "Driver", "{8D5F1303-8650-4DAF-9920-C27CC3450A23}"
EndProject
Project("{8BC9CEB8-8B4A-11D0-8D11-00A0C91BC942}") = "ThorDaqDrv", "driver\ThorDaqDrv\ThorDaqDrv.vcxproj", "{DA0355A7-A04C-40C0-B870-0773A5C6CFFB}"
EndProject
Project("{8BC9CEB8-8B4A-11D0-8D11-00A0C91BC942}") = "ThorDaqDrv Package", "driver\ThorDaqDrv Package\ThorDaqDrv Package.vcxproj", "{3531242D-F5F2-4271-8BF1-FFFFDB10EB81}"
EndProject
Project("{2150E333-8FDC-42A3-9474-1A3956D46DE8}") = "ThordaqGR", "ThordaqGR", "{508E2124-CB7A-496B-B2E1-221A7B35DEF5}"
EndProject
Project("{8BC9CEB8-8B4A-11D0-8D11-00A0C91BC942}") = "ThorDAQResonantGalvo", "Dll\ThorDFLIMResonantGalvo\ThorDFLIMResonantGalvo.vcxproj", "{D7A53CC9-8CD4-4FC0-8D18-A118B7B6CA5D}"
	ProjectSection(ProjectDependencies) = postProject
		{25E8FCB2-28B5-4A93-97A1-CFDBE3B55171} = {25E8FCB2-28B5-4A93-97A1-CFDBE3B55171}
	EndProjectSection
EndProject
Project("{8BC9CEB8-8B4A-11D0-8D11-00A0C91BC942}") = "ThorDAQGGDFLIMSim", "Dll\ThorDAQGGDFLIMSim\ThorDAQGGDFLIMSim.vcxproj", "{B53646BA-C154-4CCC-9162-32EC9CBB26B8}"
	ProjectSection(ProjectDependencies) = postProject
		{25E8FCB2-28B5-4A93-97A1-CFDBE3B55171} = {25E8FCB2-28B5-4A93-97A1-CFDBE3B55171}
	EndProjectSection
EndProject
Project("{2150E333-8FDC-42A3-9474-1A3956D46DE8}") = "ThordaqGGDFLIMSim", "ThordaqGGDFLIMSim", "{23A29D79-1FA2-466E-8896-D98C565F9C49}"
EndProject
Project("{FAE04EC0-301F-11D3-BF4B-00C04F79EFBC}") = "dFLIMgui", "App\dFLIMGUI\dFLIMgui.csproj", "{9AABFE11-7BA8-456A-BB06-FC402AAC6381}"
	ProjectSection(ProjectDependencies) = postProject
		{EBAE8C07-AB49-4017-82AD-62128CD929C9} = {EBAE8C07-AB49-4017-82AD-62128CD929C9}
		{B45E843C-6B77-465E-8CB5-D572C29ACA73} = {B45E843C-6B77-465E-8CB5-D572C29ACA73}
	EndProjectSection
EndProject
Project("{8BC9CEB8-8B4A-11D0-8D11-00A0C91BC942}") = "dFLIM_4002", "Lib\dFLIM_4002\dFLIM_4002.vcxproj", "{EBAE8C07-AB49-4017-82AD-62128CD929C9}"
EndProject
Project("{2150E333-8FDC-42A3-9474-1A3956D46DE8}") = "dFLIMGG", "dFLIMGG", "{844C34F1-39D5-4A57-B180-8AFA24208937}"
EndProject
Project("{8BC9CEB8-8B4A-11D0-8D11-00A0C91BC942}") = "dFLIMGG", "Dll\dFLIMGG\dFLIMGG.vcxproj", "{B45E843C-6B77-465E-8CB5-D572C29ACA73}"
	ProjectSection(ProjectDependencies) = postProject
		{EBAE8C07-AB49-4017-82AD-62128CD929C9} = {EBAE8C07-AB49-4017-82AD-62128CD929C9}
	EndProjectSection
EndProject
Global
	GlobalSection(SolutionConfigurationPlatforms) = preSolution
		Debug|Any CPU = Debug|Any CPU
		Debug|Mixed Platforms = Debug|Mixed Platforms
		Debug|Win32 = Debug|Win32
		Debug|x64 = Debug|x64
		Release|Any CPU = Release|Any CPU
		Release|Mixed Platforms = Release|Mixed Platforms
		Release|Win32 = Release|Win32
		Release|x64 = Release|x64
		Win10 Debug|Any CPU = Win10 Debug|Any CPU
		Win10 Debug|Mixed Platforms = Win10 Debug|Mixed Platforms
		Win10 Debug|Win32 = Win10 Debug|Win32
		Win10 Debug|x64 = Win10 Debug|x64
		Win10 Release|Any CPU = Win10 Release|Any CPU
		Win10 Release|Mixed Platforms = Win10 Release|Mixed Platforms
		Win10 Release|Win32 = Win10 Release|Win32
		Win10 Release|x64 = Win10 Release|x64
		Win10Release|Any CPU = Win10Release|Any CPU
		Win10Release|Mixed Platforms = Win10Release|Mixed Platforms
		Win10Release|Win32 = Win10Release|Win32
		Win10Release|x64 = Win10Release|x64
		Win7 Debug|Any CPU = Win7 Debug|Any CPU
		Win7 Debug|Mixed Platforms = Win7 Debug|Mixed Platforms
		Win7 Debug|Win32 = Win7 Debug|Win32
		Win7 Debug|x64 = Win7 Debug|x64
		Win7 Release|Any CPU = Win7 Release|Any CPU
		Win7 Release|Mixed Platforms = Win7 Release|Mixed Platforms
		Win7 Release|Win32 = Win7 Release|Win32
		Win7 Release|x64 = Win7 Release|x64
	EndGlobalSection
	GlobalSection(ProjectConfigurationPlatforms) = postSolution
		{25E8FCB2-28B5-4A93-97A1-CFDBE3B55171}.Debug|Any CPU.ActiveCfg = Debug|Win32
		{25E8FCB2-28B5-4A93-97A1-CFDBE3B55171}.Debug|Mixed Platforms.ActiveCfg = Debug|x64
		{25E8FCB2-28B5-4A93-97A1-CFDBE3B55171}.Debug|Mixed Platforms.Build.0 = Debug|x64
		{25E8FCB2-28B5-4A93-97A1-CFDBE3B55171}.Debug|Mixed Platforms.Deploy.0 = Debug|x64
		{25E8FCB2-28B5-4A93-97A1-CFDBE3B55171}.Debug|Win32.ActiveCfg = Debug|Win32
		{25E8FCB2-28B5-4A93-97A1-CFDBE3B55171}.Debug|Win32.Build.0 = Debug|Win32
		{25E8FCB2-28B5-4A93-97A1-CFDBE3B55171}.Debug|Win32.Deploy.0 = Debug|Win32
		{25E8FCB2-28B5-4A93-97A1-CFDBE3B55171}.Debug|x64.ActiveCfg = Debug|x64
		{25E8FCB2-28B5-4A93-97A1-CFDBE3B55171}.Debug|x64.Build.0 = Debug|x64
		{25E8FCB2-28B5-4A93-97A1-CFDBE3B55171}.Release|Any CPU.ActiveCfg = Release|Win32
		{25E8FCB2-28B5-4A93-97A1-CFDBE3B55171}.Release|Mixed Platforms.ActiveCfg = Release|x64
		{25E8FCB2-28B5-4A93-97A1-CFDBE3B55171}.Release|Mixed Platforms.Build.0 = Release|x64
		{25E8FCB2-28B5-4A93-97A1-CFDBE3B55171}.Release|Mixed Platforms.Deploy.0 = Release|x64
		{25E8FCB2-28B5-4A93-97A1-CFDBE3B55171}.Release|Win32.ActiveCfg = Release|Win32
		{25E8FCB2-28B5-4A93-97A1-CFDBE3B55171}.Release|Win32.Build.0 = Release|Win32
		{25E8FCB2-28B5-4A93-97A1-CFDBE3B55171}.Release|Win32.Deploy.0 = Release|Win32
		{25E8FCB2-28B5-4A93-97A1-CFDBE3B55171}.Release|x64.ActiveCfg = Release|x64
		{25E8FCB2-28B5-4A93-97A1-CFDBE3B55171}.Release|x64.Build.0 = Release|x64
		{25E8FCB2-28B5-4A93-97A1-CFDBE3B55171}.Release|x64.Deploy.0 = Release|x64
		{25E8FCB2-28B5-4A93-97A1-CFDBE3B55171}.Win10 Debug|Any CPU.ActiveCfg = Release|x64
		{25E8FCB2-28B5-4A93-97A1-CFDBE3B55171}.Win10 Debug|Any CPU.Build.0 = Release|x64
		{25E8FCB2-28B5-4A93-97A1-CFDBE3B55171}.Win10 Debug|Mixed Platforms.ActiveCfg = Debug|Win32
		{25E8FCB2-28B5-4A93-97A1-CFDBE3B55171}.Win10 Debug|Mixed Platforms.Build.0 = Debug|Win32
		{25E8FCB2-28B5-4A93-97A1-CFDBE3B55171}.Win10 Debug|Win32.ActiveCfg = Debug|Win32
		{25E8FCB2-28B5-4A93-97A1-CFDBE3B55171}.Win10 Debug|Win32.Build.0 = Debug|Win32
		{25E8FCB2-28B5-4A93-97A1-CFDBE3B55171}.Win10 Debug|x64.ActiveCfg = Debug|x64
		{25E8FCB2-28B5-4A93-97A1-CFDBE3B55171}.Win10 Debug|x64.Build.0 = Debug|x64
		{25E8FCB2-28B5-4A93-97A1-CFDBE3B55171}.Win10 Release|Any CPU.ActiveCfg = Release|x64
		{25E8FCB2-28B5-4A93-97A1-CFDBE3B55171}.Win10 Release|Any CPU.Build.0 = Release|x64
		{25E8FCB2-28B5-4A93-97A1-CFDBE3B55171}.Win10 Release|Mixed Platforms.ActiveCfg = Release|Win32
		{25E8FCB2-28B5-4A93-97A1-CFDBE3B55171}.Win10 Release|Mixed Platforms.Build.0 = Release|Win32
		{25E8FCB2-28B5-4A93-97A1-CFDBE3B55171}.Win10 Release|Win32.ActiveCfg = Release|Win32
		{25E8FCB2-28B5-4A93-97A1-CFDBE3B55171}.Win10 Release|Win32.Build.0 = Release|Win32
		{25E8FCB2-28B5-4A93-97A1-CFDBE3B55171}.Win10 Release|x64.ActiveCfg = Release|x64
		{25E8FCB2-28B5-4A93-97A1-CFDBE3B55171}.Win10 Release|x64.Build.0 = Release|x64
		{25E8FCB2-28B5-4A93-97A1-CFDBE3B55171}.Win10Release|Any CPU.ActiveCfg = Release|x64
		{25E8FCB2-28B5-4A93-97A1-CFDBE3B55171}.Win10Release|Any CPU.Build.0 = Release|x64
		{25E8FCB2-28B5-4A93-97A1-CFDBE3B55171}.Win10Release|Mixed Platforms.ActiveCfg = Release|Win32
		{25E8FCB2-28B5-4A93-97A1-CFDBE3B55171}.Win10Release|Mixed Platforms.Build.0 = Release|Win32
		{25E8FCB2-28B5-4A93-97A1-CFDBE3B55171}.Win10Release|Win32.ActiveCfg = Release|Win32
		{25E8FCB2-28B5-4A93-97A1-CFDBE3B55171}.Win10Release|Win32.Build.0 = Release|Win32
		{25E8FCB2-28B5-4A93-97A1-CFDBE3B55171}.Win10Release|x64.ActiveCfg = Release|x64
		{25E8FCB2-28B5-4A93-97A1-CFDBE3B55171}.Win10Release|x64.Build.0 = Release|x64
		{25E8FCB2-28B5-4A93-97A1-CFDBE3B55171}.Win7 Debug|Any CPU.ActiveCfg = Debug|Win32
		{25E8FCB2-28B5-4A93-97A1-CFDBE3B55171}.Win7 Debug|Mixed Platforms.ActiveCfg = Debug|x64
		{25E8FCB2-28B5-4A93-97A1-CFDBE3B55171}.Win7 Debug|Mixed Platforms.Build.0 = Debug|x64
		{25E8FCB2-28B5-4A93-97A1-CFDBE3B55171}.Win7 Debug|Mixed Platforms.Deploy.0 = Debug|x64
		{25E8FCB2-28B5-4A93-97A1-CFDBE3B55171}.Win7 Debug|Win32.ActiveCfg = Debug|x64
		{25E8FCB2-28B5-4A93-97A1-CFDBE3B55171}.Win7 Debug|Win32.Build.0 = Debug|x64
		{25E8FCB2-28B5-4A93-97A1-CFDBE3B55171}.Win7 Debug|Win32.Deploy.0 = Debug|x64
		{25E8FCB2-28B5-4A93-97A1-CFDBE3B55171}.Win7 Debug|x64.ActiveCfg = Debug|x64
		{25E8FCB2-28B5-4A93-97A1-CFDBE3B55171}.Win7 Release|Any CPU.ActiveCfg = Release|Win32
		{25E8FCB2-28B5-4A93-97A1-CFDBE3B55171}.Win7 Release|Mixed Platforms.ActiveCfg = Release|Win32
		{25E8FCB2-28B5-4A93-97A1-CFDBE3B55171}.Win7 Release|Mixed Platforms.Build.0 = Release|Win32
		{25E8FCB2-28B5-4A93-97A1-CFDBE3B55171}.Win7 Release|Mixed Platforms.Deploy.0 = Release|Win32
		{25E8FCB2-28B5-4A93-97A1-CFDBE3B55171}.Win7 Release|Win32.ActiveCfg = Release|Win32
		{25E8FCB2-28B5-4A93-97A1-CFDBE3B55171}.Win7 Release|Win32.Build.0 = Release|Win32
		{25E8FCB2-28B5-4A93-97A1-CFDBE3B55171}.Win7 Release|Win32.Deploy.0 = Release|Win32
		{25E8FCB2-28B5-4A93-97A1-CFDBE3B55171}.Win7 Release|x64.ActiveCfg = Release|Win32
		{DEC2B4B6-3CC8-4683-8BB8-2BC6FB80CE2C}.Debug|Any CPU.ActiveCfg = Debug|Win32
		{DEC2B4B6-3CC8-4683-8BB8-2BC6FB80CE2C}.Debug|Mixed Platforms.ActiveCfg = Debug|x64
		{DEC2B4B6-3CC8-4683-8BB8-2BC6FB80CE2C}.Debug|Mixed Platforms.Build.0 = Debug|x64
		{DEC2B4B6-3CC8-4683-8BB8-2BC6FB80CE2C}.Debug|Mixed Platforms.Deploy.0 = Debug|x64
		{DEC2B4B6-3CC8-4683-8BB8-2BC6FB80CE2C}.Debug|Win32.ActiveCfg = Debug|Win32
		{DEC2B4B6-3CC8-4683-8BB8-2BC6FB80CE2C}.Debug|Win32.Build.0 = Debug|Win32
		{DEC2B4B6-3CC8-4683-8BB8-2BC6FB80CE2C}.Debug|Win32.Deploy.0 = Debug|Win32
		{DEC2B4B6-3CC8-4683-8BB8-2BC6FB80CE2C}.Debug|x64.ActiveCfg = Debug|x64
		{DEC2B4B6-3CC8-4683-8BB8-2BC6FB80CE2C}.Debug|x64.Build.0 = Debug|x64
		{DEC2B4B6-3CC8-4683-8BB8-2BC6FB80CE2C}.Release|Any CPU.ActiveCfg = Release|Win32
		{DEC2B4B6-3CC8-4683-8BB8-2BC6FB80CE2C}.Release|Mixed Platforms.ActiveCfg = Release|x64
		{DEC2B4B6-3CC8-4683-8BB8-2BC6FB80CE2C}.Release|Mixed Platforms.Build.0 = Release|x64
		{DEC2B4B6-3CC8-4683-8BB8-2BC6FB80CE2C}.Release|Mixed Platforms.Deploy.0 = Release|x64
		{DEC2B4B6-3CC8-4683-8BB8-2BC6FB80CE2C}.Release|Win32.ActiveCfg = Release|Win32
		{DEC2B4B6-3CC8-4683-8BB8-2BC6FB80CE2C}.Release|Win32.Build.0 = Release|Win32
		{DEC2B4B6-3CC8-4683-8BB8-2BC6FB80CE2C}.Release|Win32.Deploy.0 = Release|Win32
		{DEC2B4B6-3CC8-4683-8BB8-2BC6FB80CE2C}.Release|x64.ActiveCfg = Release|x64
		{DEC2B4B6-3CC8-4683-8BB8-2BC6FB80CE2C}.Release|x64.Build.0 = Release|x64
		{DEC2B4B6-3CC8-4683-8BB8-2BC6FB80CE2C}.Release|x64.Deploy.0 = Release|x64
		{DEC2B4B6-3CC8-4683-8BB8-2BC6FB80CE2C}.Win10 Debug|Any CPU.ActiveCfg = Release|x64
		{DEC2B4B6-3CC8-4683-8BB8-2BC6FB80CE2C}.Win10 Debug|Any CPU.Build.0 = Release|x64
		{DEC2B4B6-3CC8-4683-8BB8-2BC6FB80CE2C}.Win10 Debug|Mixed Platforms.ActiveCfg = Debug|Win32
		{DEC2B4B6-3CC8-4683-8BB8-2BC6FB80CE2C}.Win10 Debug|Mixed Platforms.Build.0 = Debug|Win32
		{DEC2B4B6-3CC8-4683-8BB8-2BC6FB80CE2C}.Win10 Debug|Win32.ActiveCfg = Debug|Win32
		{DEC2B4B6-3CC8-4683-8BB8-2BC6FB80CE2C}.Win10 Debug|Win32.Build.0 = Debug|Win32
		{DEC2B4B6-3CC8-4683-8BB8-2BC6FB80CE2C}.Win10 Debug|x64.ActiveCfg = Debug|x64
		{DEC2B4B6-3CC8-4683-8BB8-2BC6FB80CE2C}.Win10 Debug|x64.Build.0 = Debug|x64
		{DEC2B4B6-3CC8-4683-8BB8-2BC6FB80CE2C}.Win10 Release|Any CPU.ActiveCfg = Release|x64
		{DEC2B4B6-3CC8-4683-8BB8-2BC6FB80CE2C}.Win10 Release|Any CPU.Build.0 = Release|x64
		{DEC2B4B6-3CC8-4683-8BB8-2BC6FB80CE2C}.Win10 Release|Mixed Platforms.ActiveCfg = Release|Win32
		{DEC2B4B6-3CC8-4683-8BB8-2BC6FB80CE2C}.Win10 Release|Mixed Platforms.Build.0 = Release|Win32
		{DEC2B4B6-3CC8-4683-8BB8-2BC6FB80CE2C}.Win10 Release|Win32.ActiveCfg = Release|Win32
		{DEC2B4B6-3CC8-4683-8BB8-2BC6FB80CE2C}.Win10 Release|Win32.Build.0 = Release|Win32
		{DEC2B4B6-3CC8-4683-8BB8-2BC6FB80CE2C}.Win10 Release|x64.ActiveCfg = Release|x64
		{DEC2B4B6-3CC8-4683-8BB8-2BC6FB80CE2C}.Win10 Release|x64.Build.0 = Release|x64
		{DEC2B4B6-3CC8-4683-8BB8-2BC6FB80CE2C}.Win10Release|Any CPU.ActiveCfg = Release|x64
		{DEC2B4B6-3CC8-4683-8BB8-2BC6FB80CE2C}.Win10Release|Any CPU.Build.0 = Release|x64
		{DEC2B4B6-3CC8-4683-8BB8-2BC6FB80CE2C}.Win10Release|Mixed Platforms.ActiveCfg = Release|Win32
		{DEC2B4B6-3CC8-4683-8BB8-2BC6FB80CE2C}.Win10Release|Mixed Platforms.Build.0 = Release|Win32
		{DEC2B4B6-3CC8-4683-8BB8-2BC6FB80CE2C}.Win10Release|Win32.ActiveCfg = Release|Win32
		{DEC2B4B6-3CC8-4683-8BB8-2BC6FB80CE2C}.Win10Release|Win32.Build.0 = Release|Win32
		{DEC2B4B6-3CC8-4683-8BB8-2BC6FB80CE2C}.Win10Release|x64.ActiveCfg = Release|x64
		{DEC2B4B6-3CC8-4683-8BB8-2BC6FB80CE2C}.Win10Release|x64.Build.0 = Release|x64
		{DEC2B4B6-3CC8-4683-8BB8-2BC6FB80CE2C}.Win7 Debug|Any CPU.ActiveCfg = Debug|Win32
		{DEC2B4B6-3CC8-4683-8BB8-2BC6FB80CE2C}.Win7 Debug|Mixed Platforms.ActiveCfg = Debug|x64
		{DEC2B4B6-3CC8-4683-8BB8-2BC6FB80CE2C}.Win7 Debug|Mixed Platforms.Build.0 = Debug|x64
		{DEC2B4B6-3CC8-4683-8BB8-2BC6FB80CE2C}.Win7 Debug|Mixed Platforms.Deploy.0 = Debug|x64
		{DEC2B4B6-3CC8-4683-8BB8-2BC6FB80CE2C}.Win7 Debug|Win32.ActiveCfg = Debug|Win32
		{DEC2B4B6-3CC8-4683-8BB8-2BC6FB80CE2C}.Win7 Debug|Win32.Build.0 = Debug|Win32
		{DEC2B4B6-3CC8-4683-8BB8-2BC6FB80CE2C}.Win7 Debug|Win32.Deploy.0 = Debug|Win32
		{DEC2B4B6-3CC8-4683-8BB8-2BC6FB80CE2C}.Win7 Debug|x64.ActiveCfg = Debug|Win32
		{DEC2B4B6-3CC8-4683-8BB8-2BC6FB80CE2C}.Win7 Release|Any CPU.ActiveCfg = Release|Win32
		{DEC2B4B6-3CC8-4683-8BB8-2BC6FB80CE2C}.Win7 Release|Mixed Platforms.ActiveCfg = Release|Win32
		{DEC2B4B6-3CC8-4683-8BB8-2BC6FB80CE2C}.Win7 Release|Mixed Platforms.Build.0 = Release|Win32
		{DEC2B4B6-3CC8-4683-8BB8-2BC6FB80CE2C}.Win7 Release|Mixed Platforms.Deploy.0 = Release|Win32
		{DEC2B4B6-3CC8-4683-8BB8-2BC6FB80CE2C}.Win7 Release|Win32.ActiveCfg = Release|Win32
		{DEC2B4B6-3CC8-4683-8BB8-2BC6FB80CE2C}.Win7 Release|Win32.Build.0 = Release|Win32
		{DEC2B4B6-3CC8-4683-8BB8-2BC6FB80CE2C}.Win7 Release|Win32.Deploy.0 = Release|Win32
		{DEC2B4B6-3CC8-4683-8BB8-2BC6FB80CE2C}.Win7 Release|x64.ActiveCfg = Release|Win32
		{DA0355A7-A04C-40C0-B870-0773A5C6CFFB}.Debug|Any CPU.ActiveCfg = Win7 Debug|Win32
		{DA0355A7-A04C-40C0-B870-0773A5C6CFFB}.Debug|Mixed Platforms.ActiveCfg = Win7 Debug|x64
		{DA0355A7-A04C-40C0-B870-0773A5C6CFFB}.Debug|Win32.ActiveCfg = Win7 Debug|Win32
		{DA0355A7-A04C-40C0-B870-0773A5C6CFFB}.Debug|Win32.Build.0 = Win7 Debug|Win32
		{DA0355A7-A04C-40C0-B870-0773A5C6CFFB}.Debug|Win32.Deploy.0 = Win7 Debug|Win32
		{DA0355A7-A04C-40C0-B870-0773A5C6CFFB}.Debug|x64.ActiveCfg = Win7 Debug|x64
		{DA0355A7-A04C-40C0-B870-0773A5C6CFFB}.Release|Any CPU.ActiveCfg = Win8 Release|Win32
		{DA0355A7-A04C-40C0-B870-0773A5C6CFFB}.Release|Mixed Platforms.ActiveCfg = Win8 Release|x64
		{DA0355A7-A04C-40C0-B870-0773A5C6CFFB}.Release|Win32.ActiveCfg = Win8 Release|Win32
		{DA0355A7-A04C-40C0-B870-0773A5C6CFFB}.Release|x64.ActiveCfg = Win7 Release|x64
		{DA0355A7-A04C-40C0-B870-0773A5C6CFFB}.Win10 Debug|Any CPU.ActiveCfg = Vista Debug|x64
		{DA0355A7-A04C-40C0-B870-0773A5C6CFFB}.Win10 Debug|Any CPU.Build.0 = Vista Debug|x64
		{DA0355A7-A04C-40C0-B870-0773A5C6CFFB}.Win10 Debug|Any CPU.Deploy.0 = Vista Debug|x64
		{DA0355A7-A04C-40C0-B870-0773A5C6CFFB}.Win10 Debug|Mixed Platforms.ActiveCfg = Win8 Debug|Win32
		{DA0355A7-A04C-40C0-B870-0773A5C6CFFB}.Win10 Debug|Mixed Platforms.Build.0 = Win8 Debug|Win32
		{DA0355A7-A04C-40C0-B870-0773A5C6CFFB}.Win10 Debug|Mixed Platforms.Deploy.0 = Win8 Debug|Win32
		{DA0355A7-A04C-40C0-B870-0773A5C6CFFB}.Win10 Debug|Win32.ActiveCfg = Win8 Debug|Win32
		{DA0355A7-A04C-40C0-B870-0773A5C6CFFB}.Win10 Debug|Win32.Build.0 = Win8 Debug|Win32
		{DA0355A7-A04C-40C0-B870-0773A5C6CFFB}.Win10 Debug|Win32.Deploy.0 = Win8 Debug|Win32
		{DA0355A7-A04C-40C0-B870-0773A5C6CFFB}.Win10 Debug|x64.ActiveCfg = Win8 Debug|x64
		{DA0355A7-A04C-40C0-B870-0773A5C6CFFB}.Win10 Debug|x64.Build.0 = Win8 Debug|x64
		{DA0355A7-A04C-40C0-B870-0773A5C6CFFB}.Win10 Debug|x64.Deploy.0 = Win8 Debug|x64
		{DA0355A7-A04C-40C0-B870-0773A5C6CFFB}.Win10 Release|Any CPU.ActiveCfg = Vista Debug|x64
		{DA0355A7-A04C-40C0-B870-0773A5C6CFFB}.Win10 Release|Any CPU.Build.0 = Vista Debug|x64
		{DA0355A7-A04C-40C0-B870-0773A5C6CFFB}.Win10 Release|Any CPU.Deploy.0 = Vista Debug|x64
		{DA0355A7-A04C-40C0-B870-0773A5C6CFFB}.Win10 Release|Mixed Platforms.ActiveCfg = Win8 Debug|Win32
		{DA0355A7-A04C-40C0-B870-0773A5C6CFFB}.Win10 Release|Mixed Platforms.Build.0 = Win8 Debug|Win32
		{DA0355A7-A04C-40C0-B870-0773A5C6CFFB}.Win10 Release|Mixed Platforms.Deploy.0 = Win8 Debug|Win32
		{DA0355A7-A04C-40C0-B870-0773A5C6CFFB}.Win10 Release|Win32.ActiveCfg = Win8 Debug|Win32
		{DA0355A7-A04C-40C0-B870-0773A5C6CFFB}.Win10 Release|Win32.Build.0 = Win8 Debug|Win32
		{DA0355A7-A04C-40C0-B870-0773A5C6CFFB}.Win10 Release|Win32.Deploy.0 = Win8 Debug|Win32
		{DA0355A7-A04C-40C0-B870-0773A5C6CFFB}.Win10 Release|x64.ActiveCfg = Win8 Debug|x64
		{DA0355A7-A04C-40C0-B870-0773A5C6CFFB}.Win10 Release|x64.Build.0 = Win8 Debug|x64
		{DA0355A7-A04C-40C0-B870-0773A5C6CFFB}.Win10 Release|x64.Deploy.0 = Win8 Debug|x64
		{DA0355A7-A04C-40C0-B870-0773A5C6CFFB}.Win10Release|Any CPU.ActiveCfg = Win10Release|Win32
		{DA0355A7-A04C-40C0-B870-0773A5C6CFFB}.Win10Release|Mixed Platforms.ActiveCfg = Win10Release|Win32
		{DA0355A7-A04C-40C0-B870-0773A5C6CFFB}.Win10Release|Mixed Platforms.Build.0 = Win10Release|Win32
		{DA0355A7-A04C-40C0-B870-0773A5C6CFFB}.Win10Release|Mixed Platforms.Deploy.0 = Win10Release|Win32
		{DA0355A7-A04C-40C0-B870-0773A5C6CFFB}.Win10Release|Win32.ActiveCfg = Win10Release|Win32
		{DA0355A7-A04C-40C0-B870-0773A5C6CFFB}.Win10Release|Win32.Build.0 = Win10Release|Win32
		{DA0355A7-A04C-40C0-B870-0773A5C6CFFB}.Win10Release|Win32.Deploy.0 = Win10Release|Win32
		{DA0355A7-A04C-40C0-B870-0773A5C6CFFB}.Win10Release|x64.ActiveCfg = Win10Release|x64
		{DA0355A7-A04C-40C0-B870-0773A5C6CFFB}.Win10Release|x64.Build.0 = Win10Release|x64
		{DA0355A7-A04C-40C0-B870-0773A5C6CFFB}.Win10Release|x64.Deploy.0 = Win10Release|x64
		{DA0355A7-A04C-40C0-B870-0773A5C6CFFB}.Win7 Debug|Any CPU.ActiveCfg = Win7 Debug|Win32
		{DA0355A7-A04C-40C0-B870-0773A5C6CFFB}.Win7 Debug|Mixed Platforms.ActiveCfg = Win7 Debug|Win32
		{DA0355A7-A04C-40C0-B870-0773A5C6CFFB}.Win7 Debug|Mixed Platforms.Build.0 = Win7 Debug|Win32
		{DA0355A7-A04C-40C0-B870-0773A5C6CFFB}.Win7 Debug|Mixed Platforms.Deploy.0 = Win7 Debug|Win32
		{DA0355A7-A04C-40C0-B870-0773A5C6CFFB}.Win7 Debug|Win32.ActiveCfg = Win7 Debug|Win32
		{DA0355A7-A04C-40C0-B870-0773A5C6CFFB}.Win7 Debug|Win32.Build.0 = Win7 Debug|Win32
		{DA0355A7-A04C-40C0-B870-0773A5C6CFFB}.Win7 Debug|Win32.Deploy.0 = Win7 Debug|Win32
		{DA0355A7-A04C-40C0-B870-0773A5C6CFFB}.Win7 Debug|x64.ActiveCfg = Win7 Debug|x64
		{DA0355A7-A04C-40C0-B870-0773A5C6CFFB}.Win7 Debug|x64.Build.0 = Win7 Debug|x64
		{DA0355A7-A04C-40C0-B870-0773A5C6CFFB}.Win7 Debug|x64.Deploy.0 = Win7 Debug|x64
		{DA0355A7-A04C-40C0-B870-0773A5C6CFFB}.Win7 Release|Any CPU.ActiveCfg = Win7 Release|Win32
		{DA0355A7-A04C-40C0-B870-0773A5C6CFFB}.Win7 Release|Mixed Platforms.ActiveCfg = Win7 Release|Win32
		{DA0355A7-A04C-40C0-B870-0773A5C6CFFB}.Win7 Release|Mixed Platforms.Build.0 = Win7 Release|Win32
		{DA0355A7-A04C-40C0-B870-0773A5C6CFFB}.Win7 Release|Mixed Platforms.Deploy.0 = Win7 Release|Win32
		{DA0355A7-A04C-40C0-B870-0773A5C6CFFB}.Win7 Release|Win32.ActiveCfg = Win7 Release|Win32
		{DA0355A7-A04C-40C0-B870-0773A5C6CFFB}.Win7 Release|Win32.Build.0 = Win7 Release|Win32
		{DA0355A7-A04C-40C0-B870-0773A5C6CFFB}.Win7 Release|Win32.Deploy.0 = Win7 Release|Win32
		{DA0355A7-A04C-40C0-B870-0773A5C6CFFB}.Win7 Release|x64.ActiveCfg = Win7 Release|x64
		{DA0355A7-A04C-40C0-B870-0773A5C6CFFB}.Win7 Release|x64.Build.0 = Win7 Release|x64
		{DA0355A7-A04C-40C0-B870-0773A5C6CFFB}.Win7 Release|x64.Deploy.0 = Win7 Release|x64
		{3531242D-F5F2-4271-8BF1-FFFFDB10EB81}.Debug|Any CPU.ActiveCfg = Win7 Debug|Win32
		{3531242D-F5F2-4271-8BF1-FFFFDB10EB81}.Debug|Mixed Platforms.ActiveCfg = Win7 Debug|x64
		{3531242D-F5F2-4271-8BF1-FFFFDB10EB81}.Debug|Win32.ActiveCfg = Win7 Debug|Win32
		{3531242D-F5F2-4271-8BF1-FFFFDB10EB81}.Debug|Win32.Build.0 = Win7 Debug|Win32
		{3531242D-F5F2-4271-8BF1-FFFFDB10EB81}.Debug|Win32.Deploy.0 = Win7 Debug|Win32
		{3531242D-F5F2-4271-8BF1-FFFFDB10EB81}.Debug|x64.ActiveCfg = Win7 Debug|x64
		{3531242D-F5F2-4271-8BF1-FFFFDB10EB81}.Release|Any CPU.ActiveCfg = Win8 Release|Win32
		{3531242D-F5F2-4271-8BF1-FFFFDB10EB81}.Release|Mixed Platforms.ActiveCfg = Win8 Release|x64
		{3531242D-F5F2-4271-8BF1-FFFFDB10EB81}.Release|Win32.ActiveCfg = Win8 Release|Win32
		{3531242D-F5F2-4271-8BF1-FFFFDB10EB81}.Release|x64.ActiveCfg = Win7 Release|x64
		{3531242D-F5F2-4271-8BF1-FFFFDB10EB81}.Win10 Debug|Any CPU.ActiveCfg = Win10 Debug|Win32
		{3531242D-F5F2-4271-8BF1-FFFFDB10EB81}.Win10 Debug|Mixed Platforms.ActiveCfg = Win10 Debug|Win32
		{3531242D-F5F2-4271-8BF1-FFFFDB10EB81}.Win10 Debug|Mixed Platforms.Build.0 = Win10 Debug|Win32
		{3531242D-F5F2-4271-8BF1-FFFFDB10EB81}.Win10 Debug|Mixed Platforms.Deploy.0 = Win10 Debug|Win32
		{3531242D-F5F2-4271-8BF1-FFFFDB10EB81}.Win10 Debug|Win32.ActiveCfg = Win10 Debug|Win32
		{3531242D-F5F2-4271-8BF1-FFFFDB10EB81}.Win10 Debug|Win32.Build.0 = Win10 Debug|Win32
		{3531242D-F5F2-4271-8BF1-FFFFDB10EB81}.Win10 Debug|Win32.Deploy.0 = Win10 Debug|Win32
		{3531242D-F5F2-4271-8BF1-FFFFDB10EB81}.Win10 Debug|x64.ActiveCfg = Win10 Debug|x64
		{3531242D-F5F2-4271-8BF1-FFFFDB10EB81}.Win10 Debug|x64.Build.0 = Win10 Debug|x64
		{3531242D-F5F2-4271-8BF1-FFFFDB10EB81}.Win10 Debug|x64.Deploy.0 = Win10 Debug|x64
		{3531242D-F5F2-4271-8BF1-FFFFDB10EB81}.Win10 Release|Any CPU.ActiveCfg = Win10 Release|Win32
		{3531242D-F5F2-4271-8BF1-FFFFDB10EB81}.Win10 Release|Mixed Platforms.ActiveCfg = Win10 Release|Win32
		{3531242D-F5F2-4271-8BF1-FFFFDB10EB81}.Win10 Release|Mixed Platforms.Build.0 = Win10 Release|Win32
		{3531242D-F5F2-4271-8BF1-FFFFDB10EB81}.Win10 Release|Mixed Platforms.Deploy.0 = Win10 Release|Win32
		{3531242D-F5F2-4271-8BF1-FFFFDB10EB81}.Win10 Release|Win32.ActiveCfg = Win10 Release|Win32
		{3531242D-F5F2-4271-8BF1-FFFFDB10EB81}.Win10 Release|Win32.Build.0 = Win10 Release|Win32
		{3531242D-F5F2-4271-8BF1-FFFFDB10EB81}.Win10 Release|Win32.Deploy.0 = Win10 Release|Win32
		{3531242D-F5F2-4271-8BF1-FFFFDB10EB81}.Win10 Release|x64.ActiveCfg = Win10 Release|x64
		{3531242D-F5F2-4271-8BF1-FFFFDB10EB81}.Win10 Release|x64.Build.0 = Win10 Release|x64
		{3531242D-F5F2-4271-8BF1-FFFFDB10EB81}.Win10 Release|x64.Deploy.0 = Win10 Release|x64
		{3531242D-F5F2-4271-8BF1-FFFFDB10EB81}.Win10Release|Any CPU.ActiveCfg = Win10 Release|x64
		{3531242D-F5F2-4271-8BF1-FFFFDB10EB81}.Win10Release|Any CPU.Build.0 = Win10 Release|x64
		{3531242D-F5F2-4271-8BF1-FFFFDB10EB81}.Win10Release|Any CPU.Deploy.0 = Win10 Release|x64
		{3531242D-F5F2-4271-8BF1-FFFFDB10EB81}.Win10Release|Mixed Platforms.ActiveCfg = Win10 Release|Win32
		{3531242D-F5F2-4271-8BF1-FFFFDB10EB81}.Win10Release|Mixed Platforms.Build.0 = Win10 Release|Win32
		{3531242D-F5F2-4271-8BF1-FFFFDB10EB81}.Win10Release|Mixed Platforms.Deploy.0 = Win10 Release|Win32
		{3531242D-F5F2-4271-8BF1-FFFFDB10EB81}.Win10Release|Win32.ActiveCfg = Win10 Release|Win32
		{3531242D-F5F2-4271-8BF1-FFFFDB10EB81}.Win10Release|Win32.Build.0 = Win10 Release|Win32
		{3531242D-F5F2-4271-8BF1-FFFFDB10EB81}.Win10Release|Win32.Deploy.0 = Win10 Release|Win32
		{3531242D-F5F2-4271-8BF1-FFFFDB10EB81}.Win10Release|x64.ActiveCfg = Win10 Release|x64
		{3531242D-F5F2-4271-8BF1-FFFFDB10EB81}.Win10Release|x64.Build.0 = Win10 Release|x64
		{3531242D-F5F2-4271-8BF1-FFFFDB10EB81}.Win10Release|x64.Deploy.0 = Win10 Release|x64
		{3531242D-F5F2-4271-8BF1-FFFFDB10EB81}.Win7 Debug|Any CPU.ActiveCfg = Win7 Debug|Win32
		{3531242D-F5F2-4271-8BF1-FFFFDB10EB81}.Win7 Debug|Mixed Platforms.ActiveCfg = Win7 Debug|Win32
		{3531242D-F5F2-4271-8BF1-FFFFDB10EB81}.Win7 Debug|Mixed Platforms.Build.0 = Win7 Debug|Win32
		{3531242D-F5F2-4271-8BF1-FFFFDB10EB81}.Win7 Debug|Mixed Platforms.Deploy.0 = Win7 Debug|Win32
		{3531242D-F5F2-4271-8BF1-FFFFDB10EB81}.Win7 Debug|Win32.ActiveCfg = Win7 Debug|Win32
		{3531242D-F5F2-4271-8BF1-FFFFDB10EB81}.Win7 Debug|Win32.Build.0 = Win7 Debug|Win32
		{3531242D-F5F2-4271-8BF1-FFFFDB10EB81}.Win7 Debug|Win32.Deploy.0 = Win7 Debug|Win32
		{3531242D-F5F2-4271-8BF1-FFFFDB10EB81}.Win7 Debug|x64.ActiveCfg = Win7 Debug|x64
		{3531242D-F5F2-4271-8BF1-FFFFDB10EB81}.Win7 Debug|x64.Build.0 = Win7 Debug|x64
		{3531242D-F5F2-4271-8BF1-FFFFDB10EB81}.Win7 Debug|x64.Deploy.0 = Win7 Debug|x64
		{3531242D-F5F2-4271-8BF1-FFFFDB10EB81}.Win7 Release|Any CPU.ActiveCfg = Win7 Release|Win32
		{3531242D-F5F2-4271-8BF1-FFFFDB10EB81}.Win7 Release|Mixed Platforms.ActiveCfg = Win7 Release|Win32
		{3531242D-F5F2-4271-8BF1-FFFFDB10EB81}.Win7 Release|Mixed Platforms.Build.0 = Win7 Release|Win32
		{3531242D-F5F2-4271-8BF1-FFFFDB10EB81}.Win7 Release|Mixed Platforms.Deploy.0 = Win7 Release|Win32
		{3531242D-F5F2-4271-8BF1-FFFFDB10EB81}.Win7 Release|Win32.ActiveCfg = Win7 Release|Win32
		{3531242D-F5F2-4271-8BF1-FFFFDB10EB81}.Win7 Release|Win32.Build.0 = Win7 Release|Win32
		{3531242D-F5F2-4271-8BF1-FFFFDB10EB81}.Win7 Release|Win32.Deploy.0 = Win7 Release|Win32
		{3531242D-F5F2-4271-8BF1-FFFFDB10EB81}.Win7 Release|x64.ActiveCfg = Win7 Release|x64
		{3531242D-F5F2-4271-8BF1-FFFFDB10EB81}.Win7 Release|x64.Build.0 = Win7 Release|x64
		{3531242D-F5F2-4271-8BF1-FFFFDB10EB81}.Win7 Release|x64.Deploy.0 = Win7 Release|x64
		{D7A53CC9-8CD4-4FC0-8D18-A118B7B6CA5D}.Debug|Any CPU.ActiveCfg = Debug|Win32
		{D7A53CC9-8CD4-4FC0-8D18-A118B7B6CA5D}.Debug|Mixed Platforms.ActiveCfg = Debug|x64
		{D7A53CC9-8CD4-4FC0-8D18-A118B7B6CA5D}.Debug|Mixed Platforms.Build.0 = Debug|x64
		{D7A53CC9-8CD4-4FC0-8D18-A118B7B6CA5D}.Debug|Mixed Platforms.Deploy.0 = Debug|x64
		{D7A53CC9-8CD4-4FC0-8D18-A118B7B6CA5D}.Debug|Win32.ActiveCfg = Debug|Win32
		{D7A53CC9-8CD4-4FC0-8D18-A118B7B6CA5D}.Debug|Win32.Build.0 = Debug|Win32
		{D7A53CC9-8CD4-4FC0-8D18-A118B7B6CA5D}.Debug|Win32.Deploy.0 = Debug|Win32
		{D7A53CC9-8CD4-4FC0-8D18-A118B7B6CA5D}.Debug|x64.ActiveCfg = Debug|x64
		{D7A53CC9-8CD4-4FC0-8D18-A118B7B6CA5D}.Release|Any CPU.ActiveCfg = Release|Win32
		{D7A53CC9-8CD4-4FC0-8D18-A118B7B6CA5D}.Release|Mixed Platforms.ActiveCfg = Release|x64
		{D7A53CC9-8CD4-4FC0-8D18-A118B7B6CA5D}.Release|Mixed Platforms.Build.0 = Release|x64
		{D7A53CC9-8CD4-4FC0-8D18-A118B7B6CA5D}.Release|Mixed Platforms.Deploy.0 = Release|x64
		{D7A53CC9-8CD4-4FC0-8D18-A118B7B6CA5D}.Release|Win32.ActiveCfg = Release|Win32
		{D7A53CC9-8CD4-4FC0-8D18-A118B7B6CA5D}.Release|Win32.Build.0 = Release|Win32
		{D7A53CC9-8CD4-4FC0-8D18-A118B7B6CA5D}.Release|Win32.Deploy.0 = Release|Win32
		{D7A53CC9-8CD4-4FC0-8D18-A118B7B6CA5D}.Release|x64.ActiveCfg = Release|x64
		{D7A53CC9-8CD4-4FC0-8D18-A118B7B6CA5D}.Release|x64.Build.0 = Release|x64
		{D7A53CC9-8CD4-4FC0-8D18-A118B7B6CA5D}.Release|x64.Deploy.0 = Release|x64
		{D7A53CC9-8CD4-4FC0-8D18-A118B7B6CA5D}.Win10 Debug|Any CPU.ActiveCfg = Release|x64
		{D7A53CC9-8CD4-4FC0-8D18-A118B7B6CA5D}.Win10 Debug|Any CPU.Build.0 = Release|x64
		{D7A53CC9-8CD4-4FC0-8D18-A118B7B6CA5D}.Win10 Debug|Mixed Platforms.ActiveCfg = Debug|Win32
		{D7A53CC9-8CD4-4FC0-8D18-A118B7B6CA5D}.Win10 Debug|Mixed Platforms.Build.0 = Debug|Win32
		{D7A53CC9-8CD4-4FC0-8D18-A118B7B6CA5D}.Win10 Debug|Win32.ActiveCfg = Debug|Win32
		{D7A53CC9-8CD4-4FC0-8D18-A118B7B6CA5D}.Win10 Debug|Win32.Build.0 = Debug|Win32
		{D7A53CC9-8CD4-4FC0-8D18-A118B7B6CA5D}.Win10 Debug|x64.ActiveCfg = Debug|x64
		{D7A53CC9-8CD4-4FC0-8D18-A118B7B6CA5D}.Win10 Debug|x64.Build.0 = Debug|x64
		{D7A53CC9-8CD4-4FC0-8D18-A118B7B6CA5D}.Win10 Release|Any CPU.ActiveCfg = Release|x64
		{D7A53CC9-8CD4-4FC0-8D18-A118B7B6CA5D}.Win10 Release|Any CPU.Build.0 = Release|x64
		{D7A53CC9-8CD4-4FC0-8D18-A118B7B6CA5D}.Win10 Release|Mixed Platforms.ActiveCfg = Release|Win32
		{D7A53CC9-8CD4-4FC0-8D18-A118B7B6CA5D}.Win10 Release|Mixed Platforms.Build.0 = Release|Win32
		{D7A53CC9-8CD4-4FC0-8D18-A118B7B6CA5D}.Win10 Release|Win32.ActiveCfg = Release|Win32
		{D7A53CC9-8CD4-4FC0-8D18-A118B7B6CA5D}.Win10 Release|Win32.Build.0 = Release|Win32
		{D7A53CC9-8CD4-4FC0-8D18-A118B7B6CA5D}.Win10 Release|x64.ActiveCfg = Release|x64
		{D7A53CC9-8CD4-4FC0-8D18-A118B7B6CA5D}.Win10 Release|x64.Build.0 = Release|x64
		{D7A53CC9-8CD4-4FC0-8D18-A118B7B6CA5D}.Win10Release|Any CPU.ActiveCfg = Release|x64
		{D7A53CC9-8CD4-4FC0-8D18-A118B7B6CA5D}.Win10Release|Any CPU.Build.0 = Release|x64
		{D7A53CC9-8CD4-4FC0-8D18-A118B7B6CA5D}.Win10Release|Mixed Platforms.ActiveCfg = Release|Win32
		{D7A53CC9-8CD4-4FC0-8D18-A118B7B6CA5D}.Win10Release|Mixed Platforms.Build.0 = Release|Win32
		{D7A53CC9-8CD4-4FC0-8D18-A118B7B6CA5D}.Win10Release|Win32.ActiveCfg = Release|Win32
		{D7A53CC9-8CD4-4FC0-8D18-A118B7B6CA5D}.Win10Release|Win32.Build.0 = Release|Win32
		{D7A53CC9-8CD4-4FC0-8D18-A118B7B6CA5D}.Win10Release|x64.ActiveCfg = Release|x64
		{D7A53CC9-8CD4-4FC0-8D18-A118B7B6CA5D}.Win10Release|x64.Build.0 = Release|x64
		{D7A53CC9-8CD4-4FC0-8D18-A118B7B6CA5D}.Win7 Debug|Any CPU.ActiveCfg = Debug|Win32
		{D7A53CC9-8CD4-4FC0-8D18-A118B7B6CA5D}.Win7 Debug|Mixed Platforms.ActiveCfg = Debug|Win32
		{D7A53CC9-8CD4-4FC0-8D18-A118B7B6CA5D}.Win7 Debug|Mixed Platforms.Build.0 = Debug|Win32
		{D7A53CC9-8CD4-4FC0-8D18-A118B7B6CA5D}.Win7 Debug|Mixed Platforms.Deploy.0 = Debug|Win32
		{D7A53CC9-8CD4-4FC0-8D18-A118B7B6CA5D}.Win7 Debug|Win32.ActiveCfg = Debug|Win32
		{D7A53CC9-8CD4-4FC0-8D18-A118B7B6CA5D}.Win7 Debug|Win32.Build.0 = Debug|Win32
		{D7A53CC9-8CD4-4FC0-8D18-A118B7B6CA5D}.Win7 Debug|Win32.Deploy.0 = Debug|Win32
		{D7A53CC9-8CD4-4FC0-8D18-A118B7B6CA5D}.Win7 Debug|x64.ActiveCfg = Debug|x64
		{D7A53CC9-8CD4-4FC0-8D18-A118B7B6CA5D}.Win7 Debug|x64.Build.0 = Debug|x64
		{D7A53CC9-8CD4-4FC0-8D18-A118B7B6CA5D}.Win7 Debug|x64.Deploy.0 = Debug|x64
		{D7A53CC9-8CD4-4FC0-8D18-A118B7B6CA5D}.Win7 Release|Any CPU.ActiveCfg = Release|Win32
		{D7A53CC9-8CD4-4FC0-8D18-A118B7B6CA5D}.Win7 Release|Mixed Platforms.ActiveCfg = Release|Win32
		{D7A53CC9-8CD4-4FC0-8D18-A118B7B6CA5D}.Win7 Release|Mixed Platforms.Build.0 = Release|Win32
		{D7A53CC9-8CD4-4FC0-8D18-A118B7B6CA5D}.Win7 Release|Mixed Platforms.Deploy.0 = Release|Win32
		{D7A53CC9-8CD4-4FC0-8D18-A118B7B6CA5D}.Win7 Release|Win32.ActiveCfg = Release|Win32
		{D7A53CC9-8CD4-4FC0-8D18-A118B7B6CA5D}.Win7 Release|Win32.Build.0 = Release|Win32
		{D7A53CC9-8CD4-4FC0-8D18-A118B7B6CA5D}.Win7 Release|Win32.Deploy.0 = Release|Win32
		{D7A53CC9-8CD4-4FC0-8D18-A118B7B6CA5D}.Win7 Release|x64.ActiveCfg = Release|x64
		{D7A53CC9-8CD4-4FC0-8D18-A118B7B6CA5D}.Win7 Release|x64.Build.0 = Release|x64
		{D7A53CC9-8CD4-4FC0-8D18-A118B7B6CA5D}.Win7 Release|x64.Deploy.0 = Release|x64
		{B53646BA-C154-4CCC-9162-32EC9CBB26B8}.Debug|Any CPU.ActiveCfg = Debug|Win32
		{B53646BA-C154-4CCC-9162-32EC9CBB26B8}.Debug|Mixed Platforms.ActiveCfg = Debug|x64
		{B53646BA-C154-4CCC-9162-32EC9CBB26B8}.Debug|Mixed Platforms.Deploy.0 = Debug|x64
		{B53646BA-C154-4CCC-9162-32EC9CBB26B8}.Debug|Win32.ActiveCfg = Debug|Win32
		{B53646BA-C154-4CCC-9162-32EC9CBB26B8}.Debug|Win32.Build.0 = Debug|Win32
		{B53646BA-C154-4CCC-9162-32EC9CBB26B8}.Debug|Win32.Deploy.0 = Debug|Win32
		{B53646BA-C154-4CCC-9162-32EC9CBB26B8}.Debug|x64.ActiveCfg = Debug|x64
		{B53646BA-C154-4CCC-9162-32EC9CBB26B8}.Debug|x64.Deploy.0 = Debug|x64
		{B53646BA-C154-4CCC-9162-32EC9CBB26B8}.Release|Any CPU.ActiveCfg = Release|Win32
		{B53646BA-C154-4CCC-9162-32EC9CBB26B8}.Release|Mixed Platforms.ActiveCfg = Release|x64
		{B53646BA-C154-4CCC-9162-32EC9CBB26B8}.Release|Mixed Platforms.Deploy.0 = Release|x64
		{B53646BA-C154-4CCC-9162-32EC9CBB26B8}.Release|Win32.ActiveCfg = Release|Win32
		{B53646BA-C154-4CCC-9162-32EC9CBB26B8}.Release|Win32.Build.0 = Release|Win32
		{B53646BA-C154-4CCC-9162-32EC9CBB26B8}.Release|Win32.Deploy.0 = Release|Win32
		{B53646BA-C154-4CCC-9162-32EC9CBB26B8}.Release|x64.ActiveCfg = Release|x64
		{B53646BA-C154-4CCC-9162-32EC9CBB26B8}.Release|x64.Build.0 = Release|x64
		{B53646BA-C154-4CCC-9162-32EC9CBB26B8}.Release|x64.Deploy.0 = Release|x64
		{B53646BA-C154-4CCC-9162-32EC9CBB26B8}.Win10 Debug|Any CPU.ActiveCfg = Release|x64
		{B53646BA-C154-4CCC-9162-32EC9CBB26B8}.Win10 Debug|Any CPU.Build.0 = Release|x64
		{B53646BA-C154-4CCC-9162-32EC9CBB26B8}.Win10 Debug|Mixed Platforms.ActiveCfg = Debug|Win32
		{B53646BA-C154-4CCC-9162-32EC9CBB26B8}.Win10 Debug|Mixed Platforms.Build.0 = Debug|Win32
		{B53646BA-C154-4CCC-9162-32EC9CBB26B8}.Win10 Debug|Win32.ActiveCfg = Debug|Win32
		{B53646BA-C154-4CCC-9162-32EC9CBB26B8}.Win10 Debug|Win32.Build.0 = Debug|Win32
		{B53646BA-C154-4CCC-9162-32EC9CBB26B8}.Win10 Debug|x64.ActiveCfg = Debug|x64
		{B53646BA-C154-4CCC-9162-32EC9CBB26B8}.Win10 Debug|x64.Build.0 = Debug|x64
		{B53646BA-C154-4CCC-9162-32EC9CBB26B8}.Win10 Release|Any CPU.ActiveCfg = Release|x64
		{B53646BA-C154-4CCC-9162-32EC9CBB26B8}.Win10 Release|Any CPU.Build.0 = Release|x64
		{B53646BA-C154-4CCC-9162-32EC9CBB26B8}.Win10 Release|Mixed Platforms.ActiveCfg = Release|Win32
		{B53646BA-C154-4CCC-9162-32EC9CBB26B8}.Win10 Release|Mixed Platforms.Build.0 = Release|Win32
		{B53646BA-C154-4CCC-9162-32EC9CBB26B8}.Win10 Release|Win32.ActiveCfg = Release|Win32
		{B53646BA-C154-4CCC-9162-32EC9CBB26B8}.Win10 Release|Win32.Build.0 = Release|Win32
		{B53646BA-C154-4CCC-9162-32EC9CBB26B8}.Win10 Release|x64.ActiveCfg = Release|x64
		{B53646BA-C154-4CCC-9162-32EC9CBB26B8}.Win10 Release|x64.Build.0 = Release|x64
		{B53646BA-C154-4CCC-9162-32EC9CBB26B8}.Win10Release|Any CPU.ActiveCfg = Release|x64
		{B53646BA-C154-4CCC-9162-32EC9CBB26B8}.Win10Release|Any CPU.Build.0 = Release|x64
		{B53646BA-C154-4CCC-9162-32EC9CBB26B8}.Win10Release|Mixed Platforms.ActiveCfg = Release|Win32
		{B53646BA-C154-4CCC-9162-32EC9CBB26B8}.Win10Release|Mixed Platforms.Build.0 = Release|Win32
		{B53646BA-C154-4CCC-9162-32EC9CBB26B8}.Win10Release|Win32.ActiveCfg = Release|Win32
		{B53646BA-C154-4CCC-9162-32EC9CBB26B8}.Win10Release|Win32.Build.0 = Release|Win32
		{B53646BA-C154-4CCC-9162-32EC9CBB26B8}.Win10Release|x64.ActiveCfg = Release|x64
		{B53646BA-C154-4CCC-9162-32EC9CBB26B8}.Win10Release|x64.Build.0 = Release|x64
		{B53646BA-C154-4CCC-9162-32EC9CBB26B8}.Win7 Debug|Any CPU.ActiveCfg = Debug|Win32
		{B53646BA-C154-4CCC-9162-32EC9CBB26B8}.Win7 Debug|Mixed Platforms.ActiveCfg = Debug|Win32
		{B53646BA-C154-4CCC-9162-32EC9CBB26B8}.Win7 Debug|Mixed Platforms.Build.0 = Debug|Win32
		{B53646BA-C154-4CCC-9162-32EC9CBB26B8}.Win7 Debug|Mixed Platforms.Deploy.0 = Debug|Win32
		{B53646BA-C154-4CCC-9162-32EC9CBB26B8}.Win7 Debug|Win32.ActiveCfg = Debug|Win32
		{B53646BA-C154-4CCC-9162-32EC9CBB26B8}.Win7 Debug|Win32.Build.0 = Debug|Win32
		{B53646BA-C154-4CCC-9162-32EC9CBB26B8}.Win7 Debug|Win32.Deploy.0 = Debug|Win32
		{B53646BA-C154-4CCC-9162-32EC9CBB26B8}.Win7 Debug|x64.ActiveCfg = Debug|x64
		{B53646BA-C154-4CCC-9162-32EC9CBB26B8}.Win7 Debug|x64.Build.0 = Debug|x64
		{B53646BA-C154-4CCC-9162-32EC9CBB26B8}.Win7 Debug|x64.Deploy.0 = Debug|x64
		{B53646BA-C154-4CCC-9162-32EC9CBB26B8}.Win7 Release|Any CPU.ActiveCfg = Release|Win32
		{B53646BA-C154-4CCC-9162-32EC9CBB26B8}.Win7 Release|Mixed Platforms.ActiveCfg = Release|Win32
		{B53646BA-C154-4CCC-9162-32EC9CBB26B8}.Win7 Release|Mixed Platforms.Build.0 = Release|Win32
		{B53646BA-C154-4CCC-9162-32EC9CBB26B8}.Win7 Release|Mixed Platforms.Deploy.0 = Release|Win32
		{B53646BA-C154-4CCC-9162-32EC9CBB26B8}.Win7 Release|Win32.ActiveCfg = Release|Win32
		{B53646BA-C154-4CCC-9162-32EC9CBB26B8}.Win7 Release|Win32.Build.0 = Release|Win32
		{B53646BA-C154-4CCC-9162-32EC9CBB26B8}.Win7 Release|Win32.Deploy.0 = Release|Win32
		{B53646BA-C154-4CCC-9162-32EC9CBB26B8}.Win7 Release|x64.ActiveCfg = Release|x64
		{B53646BA-C154-4CCC-9162-32EC9CBB26B8}.Win7 Release|x64.Build.0 = Release|x64
		{B53646BA-C154-4CCC-9162-32EC9CBB26B8}.Win7 Release|x64.Deploy.0 = Release|x64
		{9AABFE11-7BA8-456A-BB06-FC402AAC6381}.Debug|Any CPU.ActiveCfg = Debug|Any CPU
		{9AABFE11-7BA8-456A-BB06-FC402AAC6381}.Debug|Any CPU.Build.0 = Debug|Any CPU
		{9AABFE11-7BA8-456A-BB06-FC402AAC6381}.Debug|Mixed Platforms.ActiveCfg = Debug|Any CPU
		{9AABFE11-7BA8-456A-BB06-FC402AAC6381}.Debug|Mixed Platforms.Build.0 = Debug|Any CPU
		{9AABFE11-7BA8-456A-BB06-FC402AAC6381}.Debug|Win32.ActiveCfg = Debug|Any CPU
		{9AABFE11-7BA8-456A-BB06-FC402AAC6381}.Debug|Win32.Build.0 = Debug|Any CPU
		{9AABFE11-7BA8-456A-BB06-FC402AAC6381}.Debug|x64.ActiveCfg = Debug|Any CPU
		{9AABFE11-7BA8-456A-BB06-FC402AAC6381}.Debug|x64.Build.0 = Debug|Any CPU
		{9AABFE11-7BA8-456A-BB06-FC402AAC6381}.Release|Any CPU.ActiveCfg = Release|Any CPU
		{9AABFE11-7BA8-456A-BB06-FC402AAC6381}.Release|Any CPU.Build.0 = Release|Any CPU
		{9AABFE11-7BA8-456A-BB06-FC402AAC6381}.Release|Mixed Platforms.ActiveCfg = Release|Any CPU
		{9AABFE11-7BA8-456A-BB06-FC402AAC6381}.Release|Mixed Platforms.Build.0 = Release|Any CPU
		{9AABFE11-7BA8-456A-BB06-FC402AAC6381}.Release|Win32.ActiveCfg = Release|Any CPU
		{9AABFE11-7BA8-456A-BB06-FC402AAC6381}.Release|Win32.Build.0 = Release|Any CPU
		{9AABFE11-7BA8-456A-BB06-FC402AAC6381}.Release|x64.ActiveCfg = Release|Any CPU
		{9AABFE11-7BA8-456A-BB06-FC402AAC6381}.Release|x64.Build.0 = Release|Any CPU
		{9AABFE11-7BA8-456A-BB06-FC402AAC6381}.Win10 Debug|Any CPU.ActiveCfg = Debug|Any CPU
		{9AABFE11-7BA8-456A-BB06-FC402AAC6381}.Win10 Debug|Any CPU.Build.0 = Debug|Any CPU
		{9AABFE11-7BA8-456A-BB06-FC402AAC6381}.Win10 Debug|Mixed Platforms.ActiveCfg = Debug|Any CPU
		{9AABFE11-7BA8-456A-BB06-FC402AAC6381}.Win10 Debug|Mixed Platforms.Build.0 = Debug|Any CPU
		{9AABFE11-7BA8-456A-BB06-FC402AAC6381}.Win10 Debug|Win32.ActiveCfg = Debug|Any CPU
		{9AABFE11-7BA8-456A-BB06-FC402AAC6381}.Win10 Debug|Win32.Build.0 = Debug|Any CPU
		{9AABFE11-7BA8-456A-BB06-FC402AAC6381}.Win10 Debug|x64.ActiveCfg = Debug|x64
		{9AABFE11-7BA8-456A-BB06-FC402AAC6381}.Win10 Debug|x64.Build.0 = Debug|x64
		{9AABFE11-7BA8-456A-BB06-FC402AAC6381}.Win10 Release|Any CPU.ActiveCfg = Release|Any CPU
		{9AABFE11-7BA8-456A-BB06-FC402AAC6381}.Win10 Release|Any CPU.Build.0 = Release|Any CPU
		{9AABFE11-7BA8-456A-BB06-FC402AAC6381}.Win10 Release|Mixed Platforms.ActiveCfg = Release|Any CPU
		{9AABFE11-7BA8-456A-BB06-FC402AAC6381}.Win10 Release|Mixed Platforms.Build.0 = Release|Any CPU
		{9AABFE11-7BA8-456A-BB06-FC402AAC6381}.Win10 Release|Win32.ActiveCfg = Release|Any CPU
		{9AABFE11-7BA8-456A-BB06-FC402AAC6381}.Win10 Release|Win32.Build.0 = Release|Any CPU
		{9AABFE11-7BA8-456A-BB06-FC402AAC6381}.Win10 Release|x64.ActiveCfg = Release|x64
		{9AABFE11-7BA8-456A-BB06-FC402AAC6381}.Win10 Release|x64.Build.0 = Release|x64
		{9AABFE11-7BA8-456A-BB06-FC402AAC6381}.Win10Release|Any CPU.ActiveCfg = Release|Any CPU
		{9AABFE11-7BA8-456A-BB06-FC402AAC6381}.Win10Release|Any CPU.Build.0 = Release|Any CPU
		{9AABFE11-7BA8-456A-BB06-FC402AAC6381}.Win10Release|Mixed Platforms.ActiveCfg = Release|Any CPU
		{9AABFE11-7BA8-456A-BB06-FC402AAC6381}.Win10Release|Mixed Platforms.Build.0 = Release|Any CPU
		{9AABFE11-7BA8-456A-BB06-FC402AAC6381}.Win10Release|Win32.ActiveCfg = Release|Any CPU
		{9AABFE11-7BA8-456A-BB06-FC402AAC6381}.Win10Release|Win32.Build.0 = Release|Any CPU
		{9AABFE11-7BA8-456A-BB06-FC402AAC6381}.Win10Release|x64.ActiveCfg = Release|x64
		{9AABFE11-7BA8-456A-BB06-FC402AAC6381}.Win10Release|x64.Build.0 = Release|x64
		{9AABFE11-7BA8-456A-BB06-FC402AAC6381}.Win7 Debug|Any CPU.ActiveCfg = Debug|Any CPU
		{9AABFE11-7BA8-456A-BB06-FC402AAC6381}.Win7 Debug|Any CPU.Build.0 = Debug|Any CPU
		{9AABFE11-7BA8-456A-BB06-FC402AAC6381}.Win7 Debug|Mixed Platforms.ActiveCfg = Debug|Any CPU
		{9AABFE11-7BA8-456A-BB06-FC402AAC6381}.Win7 Debug|Mixed Platforms.Build.0 = Debug|Any CPU
		{9AABFE11-7BA8-456A-BB06-FC402AAC6381}.Win7 Debug|Win32.ActiveCfg = Debug|Any CPU
		{9AABFE11-7BA8-456A-BB06-FC402AAC6381}.Win7 Debug|Win32.Build.0 = Debug|Any CPU
		{9AABFE11-7BA8-456A-BB06-FC402AAC6381}.Win7 Debug|x64.ActiveCfg = Debug|x64
		{9AABFE11-7BA8-456A-BB06-FC402AAC6381}.Win7 Debug|x64.Build.0 = Debug|x64
		{9AABFE11-7BA8-456A-BB06-FC402AAC6381}.Win7 Release|Any CPU.ActiveCfg = Release|Any CPU
		{9AABFE11-7BA8-456A-BB06-FC402AAC6381}.Win7 Release|Any CPU.Build.0 = Release|Any CPU
		{9AABFE11-7BA8-456A-BB06-FC402AAC6381}.Win7 Release|Mixed Platforms.ActiveCfg = Release|Any CPU
		{9AABFE11-7BA8-456A-BB06-FC402AAC6381}.Win7 Release|Mixed Platforms.Build.0 = Release|Any CPU
		{9AABFE11-7BA8-456A-BB06-FC402AAC6381}.Win7 Release|Win32.ActiveCfg = Release|Any CPU
		{9AABFE11-7BA8-456A-BB06-FC402AAC6381}.Win7 Release|Win32.Build.0 = Release|Any CPU
		{9AABFE11-7BA8-456A-BB06-FC402AAC6381}.Win7 Release|x64.ActiveCfg = Release|x64
		{9AABFE11-7BA8-456A-BB06-FC402AAC6381}.Win7 Release|x64.Build.0 = Release|x64
		{EBAE8C07-AB49-4017-82AD-62128CD929C9}.Debug|Any CPU.ActiveCfg = Debug|Win32
		{EBAE8C07-AB49-4017-82AD-62128CD929C9}.Debug|Mixed Platforms.ActiveCfg = Debug|Win32
		{EBAE8C07-AB49-4017-82AD-62128CD929C9}.Debug|Mixed Platforms.Build.0 = Debug|Win32
		{EBAE8C07-AB49-4017-82AD-62128CD929C9}.Debug|Win32.ActiveCfg = Debug|Win32
		{EBAE8C07-AB49-4017-82AD-62128CD929C9}.Debug|Win32.Build.0 = Debug|Win32
		{EBAE8C07-AB49-4017-82AD-62128CD929C9}.Debug|x64.ActiveCfg = Debug|x64
		{EBAE8C07-AB49-4017-82AD-62128CD929C9}.Debug|x64.Build.0 = Debug|x64
		{EBAE8C07-AB49-4017-82AD-62128CD929C9}.Release|Any CPU.ActiveCfg = Release|Win32
		{EBAE8C07-AB49-4017-82AD-62128CD929C9}.Release|Mixed Platforms.ActiveCfg = Release|Win32
		{EBAE8C07-AB49-4017-82AD-62128CD929C9}.Release|Mixed Platforms.Build.0 = Release|Win32
		{EBAE8C07-AB49-4017-82AD-62128CD929C9}.Release|Win32.ActiveCfg = Release|Win32
		{EBAE8C07-AB49-4017-82AD-62128CD929C9}.Release|Win32.Build.0 = Release|Win32
		{EBAE8C07-AB49-4017-82AD-62128CD929C9}.Release|x64.ActiveCfg = Release|x64
		{EBAE8C07-AB49-4017-82AD-62128CD929C9}.Release|x64.Build.0 = Release|x64
		{EBAE8C07-AB49-4017-82AD-62128CD929C9}.Win10 Debug|Any CPU.ActiveCfg = Debug|Win32
		{EBAE8C07-AB49-4017-82AD-62128CD929C9}.Win10 Debug|Any CPU.Build.0 = Debug|Win32
		{EBAE8C07-AB49-4017-82AD-62128CD929C9}.Win10 Debug|Mixed Platforms.ActiveCfg = Debug|Win32
		{EBAE8C07-AB49-4017-82AD-62128CD929C9}.Win10 Debug|Mixed Platforms.Build.0 = Debug|Win32
		{EBAE8C07-AB49-4017-82AD-62128CD929C9}.Win10 Debug|Win32.ActiveCfg = Debug|Win32
		{EBAE8C07-AB49-4017-82AD-62128CD929C9}.Win10 Debug|Win32.Build.0 = Debug|Win32
		{EBAE8C07-AB49-4017-82AD-62128CD929C9}.Win10 Debug|x64.ActiveCfg = Debug|x64
		{EBAE8C07-AB49-4017-82AD-62128CD929C9}.Win10 Debug|x64.Build.0 = Debug|x64
		{EBAE8C07-AB49-4017-82AD-62128CD929C9}.Win10 Release|Any CPU.ActiveCfg = Debug|Win32
		{EBAE8C07-AB49-4017-82AD-62128CD929C9}.Win10 Release|Any CPU.Build.0 = Debug|Win32
		{EBAE8C07-AB49-4017-82AD-62128CD929C9}.Win10 Release|Mixed Platforms.ActiveCfg = Release|Win32
		{EBAE8C07-AB49-4017-82AD-62128CD929C9}.Win10 Release|Mixed Platforms.Build.0 = Release|Win32
		{EBAE8C07-AB49-4017-82AD-62128CD929C9}.Win10 Release|Win32.ActiveCfg = Release|Win32
		{EBAE8C07-AB49-4017-82AD-62128CD929C9}.Win10 Release|Win32.Build.0 = Release|Win32
		{EBAE8C07-AB49-4017-82AD-62128CD929C9}.Win10 Release|x64.ActiveCfg = Release|x64
		{EBAE8C07-AB49-4017-82AD-62128CD929C9}.Win10 Release|x64.Build.0 = Release|x64
		{EBAE8C07-AB49-4017-82AD-62128CD929C9}.Win10Release|Any CPU.ActiveCfg = Debug|Win32
		{EBAE8C07-AB49-4017-82AD-62128CD929C9}.Win10Release|Any CPU.Build.0 = Debug|Win32
		{EBAE8C07-AB49-4017-82AD-62128CD929C9}.Win10Release|Mixed Platforms.ActiveCfg = Release|Win32
		{EBAE8C07-AB49-4017-82AD-62128CD929C9}.Win10Release|Mixed Platforms.Build.0 = Release|Win32
		{EBAE8C07-AB49-4017-82AD-62128CD929C9}.Win10Release|Win32.ActiveCfg = Release|Win32
		{EBAE8C07-AB49-4017-82AD-62128CD929C9}.Win10Release|Win32.Build.0 = Release|Win32
		{EBAE8C07-AB49-4017-82AD-62128CD929C9}.Win10Release|x64.ActiveCfg = Release|x64
		{EBAE8C07-AB49-4017-82AD-62128CD929C9}.Win10Release|x64.Build.0 = Release|x64
		{EBAE8C07-AB49-4017-82AD-62128CD929C9}.Win7 Debug|Any CPU.ActiveCfg = Debug|Win32
		{EBAE8C07-AB49-4017-82AD-62128CD929C9}.Win7 Debug|Any CPU.Build.0 = Debug|Win32
		{EBAE8C07-AB49-4017-82AD-62128CD929C9}.Win7 Debug|Mixed Platforms.ActiveCfg = Debug|Win32
		{EBAE8C07-AB49-4017-82AD-62128CD929C9}.Win7 Debug|Mixed Platforms.Build.0 = Debug|Win32
		{EBAE8C07-AB49-4017-82AD-62128CD929C9}.Win7 Debug|Win32.ActiveCfg = Debug|Win32
		{EBAE8C07-AB49-4017-82AD-62128CD929C9}.Win7 Debug|Win32.Build.0 = Debug|Win32
		{EBAE8C07-AB49-4017-82AD-62128CD929C9}.Win7 Debug|x64.ActiveCfg = Debug|x64
		{EBAE8C07-AB49-4017-82AD-62128CD929C9}.Win7 Debug|x64.Build.0 = Debug|x64
		{EBAE8C07-AB49-4017-82AD-62128CD929C9}.Win7 Release|Any CPU.ActiveCfg = Debug|Win32
		{EBAE8C07-AB49-4017-82AD-62128CD929C9}.Win7 Release|Any CPU.Build.0 = Debug|Win32
		{EBAE8C07-AB49-4017-82AD-62128CD929C9}.Win7 Release|Mixed Platforms.ActiveCfg = Release|Win32
		{EBAE8C07-AB49-4017-82AD-62128CD929C9}.Win7 Release|Mixed Platforms.Build.0 = Release|Win32
		{EBAE8C07-AB49-4017-82AD-62128CD929C9}.Win7 Release|Win32.ActiveCfg = Release|Win32
		{EBAE8C07-AB49-4017-82AD-62128CD929C9}.Win7 Release|Win32.Build.0 = Release|Win32
		{EBAE8C07-AB49-4017-82AD-62128CD929C9}.Win7 Release|x64.ActiveCfg = Release|x64
		{EBAE8C07-AB49-4017-82AD-62128CD929C9}.Win7 Release|x64.Build.0 = Release|x64
		{B45E843C-6B77-465E-8CB5-D572C29ACA73}.Debug|Any CPU.ActiveCfg = Debug|Win32
		{B45E843C-6B77-465E-8CB5-D572C29ACA73}.Debug|Mixed Platforms.ActiveCfg = Debug|Win32
		{B45E843C-6B77-465E-8CB5-D572C29ACA73}.Debug|Mixed Platforms.Build.0 = Debug|Win32
		{B45E843C-6B77-465E-8CB5-D572C29ACA73}.Debug|Win32.ActiveCfg = Debug|Win32
		{B45E843C-6B77-465E-8CB5-D572C29ACA73}.Debug|Win32.Build.0 = Debug|Win32
		{B45E843C-6B77-465E-8CB5-D572C29ACA73}.Debug|x64.ActiveCfg = Debug|x64
		{B45E843C-6B77-465E-8CB5-D572C29ACA73}.Debug|x64.Build.0 = Debug|x64
		{B45E843C-6B77-465E-8CB5-D572C29ACA73}.Release|Any CPU.ActiveCfg = Release|Win32
		{B45E843C-6B77-465E-8CB5-D572C29ACA73}.Release|Mixed Platforms.ActiveCfg = Release|Win32
		{B45E843C-6B77-465E-8CB5-D572C29ACA73}.Release|Mixed Platforms.Build.0 = Release|Win32
		{B45E843C-6B77-465E-8CB5-D572C29ACA73}.Release|Win32.ActiveCfg = Release|Win32
		{B45E843C-6B77-465E-8CB5-D572C29ACA73}.Release|Win32.Build.0 = Release|Win32
		{B45E843C-6B77-465E-8CB5-D572C29ACA73}.Release|x64.ActiveCfg = Release|x64
		{B45E843C-6B77-465E-8CB5-D572C29ACA73}.Release|x64.Build.0 = Release|x64
		{B45E843C-6B77-465E-8CB5-D572C29ACA73}.Win10 Debug|Any CPU.ActiveCfg = Debug|Win32
		{B45E843C-6B77-465E-8CB5-D572C29ACA73}.Win10 Debug|Any CPU.Build.0 = Debug|Win32
		{B45E843C-6B77-465E-8CB5-D572C29ACA73}.Win10 Debug|Mixed Platforms.ActiveCfg = Debug|Win32
		{B45E843C-6B77-465E-8CB5-D572C29ACA73}.Win10 Debug|Mixed Platforms.Build.0 = Debug|Win32
		{B45E843C-6B77-465E-8CB5-D572C29ACA73}.Win10 Debug|Win32.ActiveCfg = Debug|Win32
		{B45E843C-6B77-465E-8CB5-D572C29ACA73}.Win10 Debug|Win32.Build.0 = Debug|Win32
		{B45E843C-6B77-465E-8CB5-D572C29ACA73}.Win10 Debug|x64.ActiveCfg = Debug|x64
		{B45E843C-6B77-465E-8CB5-D572C29ACA73}.Win10 Debug|x64.Build.0 = Debug|x64
		{B45E843C-6B77-465E-8CB5-D572C29ACA73}.Win10 Release|Any CPU.ActiveCfg = Debug|Win32
		{B45E843C-6B77-465E-8CB5-D572C29ACA73}.Win10 Release|Any CPU.Build.0 = Debug|Win32
		{B45E843C-6B77-465E-8CB5-D572C29ACA73}.Win10 Release|Mixed Platforms.ActiveCfg = Release|Win32
		{B45E843C-6B77-465E-8CB5-D572C29ACA73}.Win10 Release|Mixed Platforms.Build.0 = Release|Win32
		{B45E843C-6B77-465E-8CB5-D572C29ACA73}.Win10 Release|Win32.ActiveCfg = Release|Win32
		{B45E843C-6B77-465E-8CB5-D572C29ACA73}.Win10 Release|Win32.Build.0 = Release|Win32
		{B45E843C-6B77-465E-8CB5-D572C29ACA73}.Win10 Release|x64.ActiveCfg = Release|x64
		{B45E843C-6B77-465E-8CB5-D572C29ACA73}.Win10 Release|x64.Build.0 = Release|x64
		{B45E843C-6B77-465E-8CB5-D572C29ACA73}.Win10Release|Any CPU.ActiveCfg = Debug|Win32
		{B45E843C-6B77-465E-8CB5-D572C29ACA73}.Win10Release|Any CPU.Build.0 = Debug|Win32
		{B45E843C-6B77-465E-8CB5-D572C29ACA73}.Win10Release|Mixed Platforms.ActiveCfg = Release|Win32
		{B45E843C-6B77-465E-8CB5-D572C29ACA73}.Win10Release|Mixed Platforms.Build.0 = Release|Win32
		{B45E843C-6B77-465E-8CB5-D572C29ACA73}.Win10Release|Win32.ActiveCfg = Release|Win32
		{B45E843C-6B77-465E-8CB5-D572C29ACA73}.Win10Release|Win32.Build.0 = Release|Win32
		{B45E843C-6B77-465E-8CB5-D572C29ACA73}.Win10Release|x64.ActiveCfg = Release|x64
		{B45E843C-6B77-465E-8CB5-D572C29ACA73}.Win10Release|x64.Build.0 = Release|x64
		{B45E843C-6B77-465E-8CB5-D572C29ACA73}.Win7 Debug|Any CPU.ActiveCfg = Debug|Win32
		{B45E843C-6B77-465E-8CB5-D572C29ACA73}.Win7 Debug|Any CPU.Build.0 = Debug|Win32
		{B45E843C-6B77-465E-8CB5-D572C29ACA73}.Win7 Debug|Mixed Platforms.ActiveCfg = Debug|Win32
		{B45E843C-6B77-465E-8CB5-D572C29ACA73}.Win7 Debug|Mixed Platforms.Build.0 = Debug|Win32
		{B45E843C-6B77-465E-8CB5-D572C29ACA73}.Win7 Debug|Win32.ActiveCfg = Debug|Win32
		{B45E843C-6B77-465E-8CB5-D572C29ACA73}.Win7 Debug|Win32.Build.0 = Debug|Win32
		{B45E843C-6B77-465E-8CB5-D572C29ACA73}.Win7 Debug|x64.ActiveCfg = Debug|x64
		{B45E843C-6B77-465E-8CB5-D572C29ACA73}.Win7 Debug|x64.Build.0 = Debug|x64
		{B45E843C-6B77-465E-8CB5-D572C29ACA73}.Win7 Release|Any CPU.ActiveCfg = Debug|Win32
		{B45E843C-6B77-465E-8CB5-D572C29ACA73}.Win7 Release|Any CPU.Build.0 = Debug|Win32
		{B45E843C-6B77-465E-8CB5-D572C29ACA73}.Win7 Release|Mixed Platforms.ActiveCfg = Release|Win32
		{B45E843C-6B77-465E-8CB5-D572C29ACA73}.Win7 Release|Mixed Platforms.Build.0 = Release|Win32
		{B45E843C-6B77-465E-8CB5-D572C29ACA73}.Win7 Release|Win32.ActiveCfg = Release|Win32
		{B45E843C-6B77-465E-8CB5-D572C29ACA73}.Win7 Release|Win32.Build.0 = Release|Win32
		{B45E843C-6B77-465E-8CB5-D572C29ACA73}.Win7 Release|x64.ActiveCfg = Release|x64
		{B45E843C-6B77-465E-8CB5-D572C29ACA73}.Win7 Release|x64.Build.0 = Release|x64
	EndGlobalSection
	GlobalSection(SolutionProperties) = preSolution
		HideSolutionNode = FALSE
	EndGlobalSection
	GlobalSection(NestedProjects) = preSolution
		{25E8FCB2-28B5-4A93-97A1-CFDBE3B55171} = {92F6E246-D7D4-4CF0-BAB9-B25E371148D2}
		{FD74E957-2B9D-4161-B609-AA14D5C514D6} = {D5E76DEC-3A6F-47DB-8011-B30CA1E43EFA}
		{DEC2B4B6-3CC8-4683-8BB8-2BC6FB80CE2C} = {FD74E957-2B9D-4161-B609-AA14D5C514D6}
		{DA0355A7-A04C-40C0-B870-0773A5C6CFFB} = {8D5F1303-8650-4DAF-9920-C27CC3450A23}
		{3531242D-F5F2-4271-8BF1-FFFFDB10EB81} = {8D5F1303-8650-4DAF-9920-C27CC3450A23}
		{508E2124-CB7A-496B-B2E1-221A7B35DEF5} = {D5E76DEC-3A6F-47DB-8011-B30CA1E43EFA}
		{D7A53CC9-8CD4-4FC0-8D18-A118B7B6CA5D} = {508E2124-CB7A-496B-B2E1-221A7B35DEF5}
		{B53646BA-C154-4CCC-9162-32EC9CBB26B8} = {23A29D79-1FA2-466E-8896-D98C565F9C49}
		{23A29D79-1FA2-466E-8896-D98C565F9C49} = {D5E76DEC-3A6F-47DB-8011-B30CA1E43EFA}
		{9AABFE11-7BA8-456A-BB06-FC402AAC6381} = {E750F875-89FE-417B-BF44-AE959E3A0A8E}
		{EBAE8C07-AB49-4017-82AD-62128CD929C9} = {92F6E246-D7D4-4CF0-BAB9-B25E371148D2}
		{844C34F1-39D5-4A57-B180-8AFA24208937} = {D5E76DEC-3A6F-47DB-8011-B30CA1E43EFA}
		{B45E843C-6B77-465E-8CB5-D572C29ACA73} = {844C34F1-39D5-4A57-B180-8AFA24208937}
	EndGlobalSection
	GlobalSection(ExtensibilityGlobals) = postSolution
		SolutionGuid = {167AC6E3-020D-435B-B691-6B31667EBB0F}
	EndGlobalSection
EndGlobal
