
Microsoft Visual Studio Solution File, Format Version 12.00
# Visual Studio 2012
Project("{FAE04EC0-301F-11D3-BF4B-00C04F79EFBC}") = "HelloWorldModule", "HelloWorld\HelloWorldModule.csproj", "{0E69AD1D-65D1-4145-9B8C-D9A7BA60CFEB}"
EndProject
Global
	GlobalSection(TeamFoundationVersionControl) = preSolution
		SccNumberOfProjects = 2
		SccEnterpriseProvider = {4CA58AB2-18FA-4F8D-95D4-32DDF27D184C}
		SccTeamFoundationServer = http://vateam02:8080/tfs/defaultcollection
		SccLocalPath0 = .h
		SccProjectFilePathRelativizedFromConnection0 = ..\\
		SccProjectUniqueName1 = HelloWorld\\HelloWorldModule.csproj
		SccProjectName1 = HelloWorld
		SccLocalPath1 = HelloWorld
	EndGlobalSection
	GlobalSection(SolutionConfigurationPlatforms) = preSolution
		Debug|Any CPU = Debug|Any CPU
		Debug|x86 = Debug|x86
		Release|Any CPU = Release|Any CPU
		Release|x86 = Release|x86
	EndGlobalSection
	GlobalSection(ProjectConfigurationPlatforms) = postSolution
		{0E69AD1D-65D1-4145-9B8C-D9A7BA60CFEB}.Debug|Any CPU.ActiveCfg = Debug|Any CPU
		{0E69AD1D-65D1-4145-9B8C-D9A7BA60CFEB}.Debug|Any CPU.Build.0 = Debug|Any CPU
		{0E69AD1D-65D1-4145-9B8C-D9A7BA60CFEB}.Debug|x86.ActiveCfg = Debug|x86
		{0E69AD1D-65D1-4145-9B8C-D9A7BA60CFEB}.Debug|x86.Build.0 = Debug|x86
		{0E69AD1D-65D1-4145-9B8C-D9A7BA60CFEB}.Release|Any CPU.ActiveCfg = Release|Any CPU
		{0E69AD1D-65D1-4145-9B8C-D9A7BA60CFEB}.Release|Any CPU.Build.0 = Release|Any CPU
		{0E69AD1D-65D1-4145-9B8C-D9A7BA60CFEB}.Release|x86.ActiveCfg = Release|x86
		{0E69AD1D-65D1-4145-9B8C-D9A7BA60CFEB}.Release|x86.Build.0 = Release|x86
	EndGlobalSection
	GlobalSection(SolutionProperties) = preSolution
		HideSolutionNode = FALSE
	EndGlobalSection
EndGlobal
