
Microsoft Visual Studio Solution File, Format Version 12.00
# Visual Studio 2012
Project("{FAE04EC0-301F-11D3-BF4B-00C04F79EFBC}") = "RemoteIPCControl", "RemoteIPCControl\RemoteIPCControl.csproj", "{02B67635-DC31-4280-825F-9BAE43D6B4BA}"
EndProject
Project("{FAE04EC0-301F-11D3-BF4B-00C04F79EFBC}") = "RemoteIPCControlTestApp", "RemoteIPCControlTestApp\RemoteIPCControlTestApp.csproj", "{44401265-DD87-4A56-B196-144D70BCDDF1}"
EndProject
Global
	GlobalSection(TeamFoundationVersionControl) = preSolution
		SccNumberOfProjects = 3
		SccEnterpriseProvider = {4CA58AB2-18FA-4F8D-95D4-32DDF27D184C}
		SccTeamFoundationServer = http://stl-tfs1:8080/tfs/thorimagels
		SccLocalPath0 = .
		SccProjectUniqueName1 = RemoteIPCControl\\RemoteIPCControl.csproj
		SccProjectName1 = RemoteIPCControl
		SccLocalPath1 = RemoteIPCControl
		SccProjectUniqueName2 = RemoteIPCControlTestApp\\RemoteIPCControlTestApp.csproj
		SccProjectName2 = RemoteIPCControlTestApp
		SccLocalPath2 = RemoteIPCControlTestApp
	EndGlobalSection
	GlobalSection(SolutionConfigurationPlatforms) = preSolution
		Debug|Any CPU = Debug|Any CPU
		Release|Any CPU = Release|Any CPU
	EndGlobalSection
	GlobalSection(ProjectConfigurationPlatforms) = postSolution
		{02B67635-DC31-4280-825F-9BAE43D6B4BA}.Debug|Any CPU.ActiveCfg = Debug|Any CPU
		{02B67635-DC31-4280-825F-9BAE43D6B4BA}.Debug|Any CPU.Build.0 = Debug|Any CPU
		{02B67635-DC31-4280-825F-9BAE43D6B4BA}.Release|Any CPU.ActiveCfg = Release|Any CPU
		{02B67635-DC31-4280-825F-9BAE43D6B4BA}.Release|Any CPU.Build.0 = Release|Any CPU
		{44401265-DD87-4A56-B196-144D70BCDDF1}.Debug|Any CPU.ActiveCfg = Debug|Any CPU
		{44401265-DD87-4A56-B196-144D70BCDDF1}.Debug|Any CPU.Build.0 = Debug|Any CPU
		{44401265-DD87-4A56-B196-144D70BCDDF1}.Release|Any CPU.ActiveCfg = Release|Any CPU
		{44401265-DD87-4A56-B196-144D70BCDDF1}.Release|Any CPU.Build.0 = Release|Any CPU
	EndGlobalSection
	GlobalSection(SolutionProperties) = preSolution
		HideSolutionNode = FALSE
	EndGlobalSection
EndGlobal
