
Microsoft Visual Studio Solution File, Format Version 12.00
# Visual Studio 2012
Project("{FAE04EC0-301F-11D3-BF4B-00C04F79EFBC}") = "ThorSync", "ThorSync\ThorSync.csproj", "{33CD8295-74E5-41FA-A9F4-5C1C58287FB1}"
EndProject
Global
	GlobalSection(TeamFoundationVersionControl) = preSolution
		SccNumberOfProjects = 1
		SccEnterpriseProvider = {4CA58AB2-18FA-4F8D-95D4-32DDF27D184C}
		SccTeamFoundationServer = http://stl-tfs1:8080/tfs/thorimagels
		SccProjectUniqueName0 = ThorSync\\ThorSync.csproj
		SccProjectName0 = ThorSync
		SccAuxPath0 = http://stl-tfs1:8080/tfs/thorimagels
		SccLocalPath0 = ThorSync
		SccProvider0 = {4CA58AB2-18FA-4F8D-95D4-32DDF27D184C}
	EndGlobalSection
	GlobalSection(SolutionConfigurationPlatforms) = preSolution
		Debug|Any CPU = Debug|Any CPU
		Release|Any CPU = Release|Any CPU
	EndGlobalSection
	GlobalSection(ProjectConfigurationPlatforms) = postSolution
		{33CD8295-74E5-41FA-A9F4-5C1C58287FB1}.Debug|Any CPU.ActiveCfg = Debug|Any CPU
		{33CD8295-74E5-41FA-A9F4-5C1C58287FB1}.Debug|Any CPU.Build.0 = Debug|Any CPU
		{33CD8295-74E5-41FA-A9F4-5C1C58287FB1}.Release|Any CPU.ActiveCfg = Release|Any CPU
		{33CD8295-74E5-41FA-A9F4-5C1C58287FB1}.Release|Any CPU.Build.0 = Release|Any CPU
	EndGlobalSection
	GlobalSection(SolutionProperties) = preSolution
		HideSolutionNode = FALSE
	EndGlobalSection
EndGlobal
