<?xml version="1.0" encoding="utf-8"?>
<Project ToolsVersion="4.0" xmlns="http://schemas.microsoft.com/developer/msbuild/2003">
  <ItemGroup>
    <Filter Include="Source Files">
      <UniqueIdentifier>{4FC737F1-C7A5-4376-A066-2A32D752A2FF}</UniqueIdentifier>
      <Extensions>cpp;c;cc;cxx;def;odl;idl;hpj;bat;asm;asmx</Extensions>
    </Filter>
    <Filter Include="Header Files">
      <UniqueIdentifier>{93995380-89BD-4b04-88EB-625FBE52EBFB}</UniqueIdentifier>
      <Extensions>h;hpp;hxx;hm;inl;inc;xsd</Extensions>
    </Filter>
    <Filter Include="Resource Files">
      <UniqueIdentifier>{67DA6AB6-F800-4c08-8B7A-83BB121AAD01}</UniqueIdentifier>
      <Extensions>rc;ico;cur;bmp;dlg;rc2;rct;bin;rgs;gif;jpg;jpeg;jpe;resx;tiff;tif;png;wav</Extensions>
    </Filter>
  </ItemGroup>
  <ItemGroup>
    <ClCompile Include="AcquireBleaching.cpp">
      <Filter>Source Files</Filter>
    </ClCompile>
    <ClCompile Include="AcquireFactory.cpp">
      <Filter>Source Files</Filter>
    </ClCompile>
    <ClCompile Include="AcquireMultiWavelength.cpp">
      <Filter>Source Files</Filter>
    </ClCompile>
    <ClCompile Include="AcquireSaveInfo.cpp">
      <Filter>Source Files</Filter>
    </ClCompile>
    <ClCompile Include="AcquireSingle.cpp">
      <Filter>Source Files</Filter>
    </ClCompile>
    <ClCompile Include="AcquireTSeries.cpp">
      <Filter>Source Files</Filter>
    </ClCompile>
    <ClCompile Include="AcquireTStream.cpp">
      <Filter>Source Files</Filter>
    </ClCompile>
    <ClCompile Include="AcquireZStack.cpp">
      <Filter>Source Files</Filter>
    </ClCompile>
    <ClCompile Include="dllmain.cpp">
      <Filter>Source Files</Filter>
    </ClCompile>
    <ClCompile Include="..\..\..\..\Common\HardwareXML\HardwareSetupXML.cpp">
      <Filter>Source Files</Filter>
    </ClCompile>
    <ClCompile Include="ImageCorrection.cpp">
      <Filter>Source Files</Filter>
    </ClCompile>
    <ClCompile Include="Observer.cpp">
      <Filter>Source Files</Filter>
    </ClCompile>
    <ClCompile Include="RunSample.cpp">
      <Filter>Source Files</Filter>
    </ClCompile>
    <ClCompile Include="stdafx.cpp">
      <Filter>Source Files</Filter>
    </ClCompile>
    <ClCompile Include="..\..\..\..\Tools\ticpp\ticpp.cpp">
      <Filter>Source Files</Filter>
    </ClCompile>
    <ClCompile Include="..\..\..\..\Tools\ticpp\tinystr.cpp">
      <Filter>Source Files</Filter>
    </ClCompile>
    <ClCompile Include="..\..\..\..\Tools\ticpp\tinyxml.cpp">
      <Filter>Source Files</Filter>
    </ClCompile>
    <ClCompile Include="..\..\..\..\Tools\ticpp\tinyxmlerror.cpp">
      <Filter>Source Files</Filter>
    </ClCompile>
    <ClCompile Include="..\..\..\..\Tools\ticpp\tinyxmlparser.cpp">
      <Filter>Source Files</Filter>
    </ClCompile>
    <ClCompile Include="AcquireSequence.cpp">
      <Filter>Source Files</Filter>
    </ClCompile>
    <ClCompile Include="AcquireHyperspectral.cpp">
      <Filter>Source Files</Filter>
    </ClCompile>
    <ClCompile Include="thalamus.grpc.pb.cc">
      <Filter>Source Files</Filter>
    </ClCompile>
    <ClCompile Include="thalamus.pb.cc">
      <Filter>Source Files</Filter>
    </ClCompile>
    <ClCompile Include="util.grpc.pb.cc">
      <Filter>Source Files</Filter>
    </ClCompile>
    <ClCompile Include="util.pb.cc">
      <Filter>Source Files</Filter>
    </ClCompile>
  </ItemGroup>
  <ItemGroup>
    <ClInclude Include="AcquireBleaching.h">
      <Filter>Header Files</Filter>
    </ClInclude>
    <ClInclude Include="AcquireFactory.h">
      <Filter>Header Files</Filter>
    </ClInclude>
    <ClInclude Include="AcquireMultiWavelength.h">
      <Filter>Header Files</Filter>
    </ClInclude>
    <ClInclude Include="AcquireSaveInfo.h">
      <Filter>Header Files</Filter>
    </ClInclude>
    <ClInclude Include="AcquireSingle.h">
      <Filter>Header Files</Filter>
    </ClInclude>
    <ClInclude Include="AcquireTSeries.h">
      <Filter>Header Files</Filter>
    </ClInclude>
    <ClInclude Include="AcquireTStream.h">
      <Filter>Header Files</Filter>
    </ClInclude>
    <ClInclude Include="AcquireZStack.h">
      <Filter>Header Files</Filter>
    </ClInclude>
    <ClInclude Include="..\..\..\..\Common\Camera.h">
      <Filter>Header Files</Filter>
    </ClInclude>
    <ClInclude Include="..\..\..\..\Common\Command.h">
      <Filter>Header Files</Filter>
    </ClInclude>
    <ClInclude Include="..\..\..\..\Common\HardwareXML\HardwareSetupXML.h">
      <Filter>Header Files</Filter>
    </ClInclude>
    <ClInclude Include="ImageCorrection.h">
      <Filter>Header Files</Filter>
    </ClInclude>
    <ClInclude Include="Observer.h">
      <Filter>Header Files</Filter>
    </ClInclude>
    <ClInclude Include="resource.h">
      <Filter>Header Files</Filter>
    </ClInclude>
    <ClInclude Include="RunSample.h">
      <Filter>Header Files</Filter>
    </ClInclude>
    <ClInclude Include="stdafx.h">
      <Filter>Header Files</Filter>
    </ClInclude>
    <ClInclude Include="targetver.h">
      <Filter>Header Files</Filter>
    </ClInclude>
    <ClInclude Include="..\..\..\..\Tools\ticpp\ticpp.h">
      <Filter>Header Files</Filter>
    </ClInclude>
    <ClInclude Include="..\..\..\..\Tools\ticpp\ticpprc.h">
      <Filter>Header Files</Filter>
    </ClInclude>
    <ClInclude Include="..\..\..\..\Tools\tiff-3.8.2\libtiff\tiffio.h">
      <Filter>Header Files</Filter>
    </ClInclude>
    <ClInclude Include="..\..\..\..\Tools\ticpp\tinystr.h">
      <Filter>Header Files</Filter>
    </ClInclude>
    <ClInclude Include="..\..\..\..\Tools\ticpp\tinyxml.h">
      <Filter>Header Files</Filter>
    </ClInclude>
    <ClInclude Include="AcquireSequence.h">
      <Filter>Header Files</Filter>
    </ClInclude>
    <ClInclude Include="AcquireHyperspectral.h">
      <Filter>Header Files</Filter>
    </ClInclude>
    <ClInclude Include="thalamus.grpc.pb.h">
      <Filter>Header Files</Filter>
    </ClInclude>
    <ClInclude Include="thalamus.pb.h">
      <Filter>Header Files</Filter>
    </ClInclude>
    <ClInclude Include="util.grpc.pb.h">
      <Filter>Header Files</Filter>
    </ClInclude>
    <ClInclude Include="util.pb.h">
      <Filter>Header Files</Filter>
    </ClInclude>
  </ItemGroup>
  <ItemGroup>
    <ResourceCompile Include="RunSample.rc">
      <Filter>Resource Files</Filter>
    </ResourceCompile>
  </ItemGroup>
  <ItemGroup>
    <None Include="ClassDiagram1.cd" />
    <None Include="thalamus.proto" />
    <None Include="util.proto" />
  </ItemGroup>
  <ItemGroup>
    <Text Include="ReadMe.txt" />
  </ItemGroup>
</Project>