<?xml version="1.0" encoding="utf-8"?>
<Project ToolsVersion="4.0" xmlns="http://schemas.microsoft.com/developer/msbuild/2003">
  <ItemGroup>
    <ClCompile Include="AcquireDataFactory.cpp">
      <Filter>Source Files</Filter>
    </ClCompile>
    <ClCompile Include="AcquireNIData.cpp">
      <Filter>Source Files</Filter>
    </ClCompile>
    <ClCompile Include="AcquireSim.cpp">
      <Filter>Source Files</Filter>
    </ClCompile>
    <ClCompile Include="CompoundData.cpp">
      <Filter>Source Files</Filter>
    </ClCompile>
    <ClCompile Include="dllmain.cpp">
      <Filter>Source Files</Filter>
    </ClCompile>
    <ClCompile Include="main.cpp">
      <Filter>Source Files</Filter>
    </ClCompile>
    <ClCompile Include="RealTimeDataXML.cpp">
      <Filter>Source Files</Filter>
    </ClCompile>
    <ClCompile Include="stdafx.cpp">
      <Filter>Source Files</Filter>
    </ClCompile>
    <ClCompile Include="ThorRealTimeData.cpp">
      <Filter>Source Files</Filter>
    </ClCompile>
    <ClCompile Include="..\..\..\..\Tools\ticpp\ticpp.cpp">
      <Filter>Source Files</Filter>
    </ClCompile>
    <ClCompile Include="..\..\..\..\Tools\ticpp\tinystr.cpp">
      <Filter>Source Files</Filter>
    </ClCompile>
    <ClCompile Include="..\..\..\..\Tools\ticpp\tinyxml.cpp">
      <Filter>Source Files</Filter>
    </ClCompile>
    <ClCompile Include="..\..\..\..\Tools\ticpp\tinyxmlerror.cpp">
      <Filter>Source Files</Filter>
    </ClCompile>
    <ClCompile Include="..\..\..\..\Tools\ticpp\tinyxmlparser.cpp">
      <Filter>Source Files</Filter>
    </ClCompile>
    <ClCompile Include="AcquireData.cpp">
      <Filter>Source Files</Filter>
    </ClCompile>
    <ClCompile Include="PublicType.cpp">
      <Filter>Source Files</Filter>
    </ClCompile>
    <ClCompile Include="SpectralManager.cpp">
      <Filter>Source Files</Filter>
    </ClCompile>
    <ClCompile Include="FreqCompoundData.cpp">
      <Filter>Source Files</Filter>
    </ClCompile>
    <ClCompile Include="VirtualChannelManager.cpp">
      <Filter>Source Files</Filter>
    </ClCompile>
  </ItemGroup>
  <ItemGroup>
    <ClInclude Include="AcquireData.h">
      <Filter>Header Files</Filter>
    </ClInclude>
    <ClInclude Include="AcquireDataFactory.h">
      <Filter>Header Files</Filter>
    </ClInclude>
    <ClInclude Include="AcquireNIData.h">
      <Filter>Header Files</Filter>
    </ClInclude>
    <ClInclude Include="AcquireSim.h">
      <Filter>Header Files</Filter>
    </ClInclude>
    <ClInclude Include="CompoundData.h">
      <Filter>Header Files</Filter>
    </ClInclude>
    <ClInclude Include="RealTimeDataXML.h">
      <Filter>Header Files</Filter>
    </ClInclude>
    <ClInclude Include="resource.h">
      <Filter>Header Files</Filter>
    </ClInclude>
    <ClInclude Include="stdafx.h">
      <Filter>Header Files</Filter>
    </ClInclude>
    <ClInclude Include="targetver.h">
      <Filter>Header Files</Filter>
    </ClInclude>
    <ClInclude Include="..\..\..\..\Tools\ticpp\ticpp.h">
      <Filter>Header Files</Filter>
    </ClInclude>
    <ClInclude Include="..\..\..\..\Tools\ticpp\ticpprc.h">
      <Filter>Header Files</Filter>
    </ClInclude>
    <ClInclude Include="..\..\..\..\Tools\ticpp\tinystr.h">
      <Filter>Header Files</Filter>
    </ClInclude>
    <ClInclude Include="..\..\..\..\Tools\ticpp\tinyxml.h">
      <Filter>Header Files</Filter>
    </ClInclude>
    <ClInclude Include="ConstDefinition.h">
      <Filter>Header Files</Filter>
    </ClInclude>
    <ClInclude Include="..\..\..\..\Common\exprtk.hpp">
      <Filter>Header Files</Filter>
    </ClInclude>
    <ClInclude Include="VirtualChannelManager.h">
      <Filter>Header Files</Filter>
    </ClInclude>
    <ClInclude Include="PublicType.h">
      <Filter>Header Files</Filter>
    </ClInclude>
    <ClInclude Include="SpectralManager.h">
      <Filter>Header Files</Filter>
    </ClInclude>
    <ClInclude Include="FreqCompoundData.h">
      <Filter>Header Files</Filter>
    </ClInclude>
  </ItemGroup>
  <ItemGroup>
    <Text Include="ReadMe.txt" />
  </ItemGroup>
  <ItemGroup>
    <Filter Include="Resource Files">
      <UniqueIdentifier>{8a71563a-1153-4656-b8b5-52f965b6391b}</UniqueIdentifier>
    </Filter>
    <Filter Include="Source Files">
      <UniqueIdentifier>{b375171a-982c-4b4c-a2f6-de3d4cd42360}</UniqueIdentifier>
    </Filter>
    <Filter Include="Header Files">
      <UniqueIdentifier>{f5e971dc-d07e-4878-8e6b-7d561846366e}</UniqueIdentifier>
    </Filter>
  </ItemGroup>
  <ItemGroup>
    <ResourceCompile Include="ThorRealTimeData.rc">
      <Filter>Resource Files</Filter>
    </ResourceCompile>
  </ItemGroup>
</Project>