
Microsoft Visual Studio Solution File, Format Version 12.00
# Visual Studio Version 16
VisualStudioVersion = 16.0.32929.386
MinimumVisualStudioVersion = 10.0.40219.1
Project("{FAE04EC0-301F-11D3-BF4B-00C04F79EFBC}") = "ThorDAQConfigTool", "ThorDAQConfigTool\ThorDAQConfigTool.csproj", "{463DB207-16EA-4CC0-A0B6-DADB4C25DCC7}"
EndProject
Global
	GlobalSection(SolutionConfigurationPlatforms) = preSolution
		Debug|Any CPU = Debug|Any CPU
		Release|Any CPU = Release|Any CPU
	EndGlobalSection
	GlobalSection(ProjectConfigurationPlatforms) = postSolution
		{463DB207-16EA-4CC0-A0B6-DADB4C25DCC7}.Debug|Any CPU.ActiveCfg = Debug|Any CPU
		{463DB207-16EA-4CC0-A0B6-DADB4C25DCC7}.Debug|Any CPU.Build.0 = Debug|Any CPU
		{463DB207-16EA-4CC0-A0B6-DADB4C25DCC7}.Release|Any CPU.ActiveCfg = Release|Any CPU
		{463DB207-16EA-4CC0-A0B6-DADB4C25DCC7}.Release|Any CPU.Build.0 = Release|Any CPU
	EndGlobalSection
	GlobalSection(SolutionProperties) = preSolution
		HideSolutionNode = FALSE
	EndGlobalSection
	GlobalSection(ExtensibilityGlobals) = postSolution
		SolutionGuid = {AC6CFAAB-3FFB-43A8-AEDF-5CB340A8AEDC}
	EndGlobalSection
EndGlobal
