
Microsoft Visual Studio Solution File, Format Version 12.00
# Visual Studio 2012
Project("{FAE04EC0-301F-11D3-BF4B-00C04F79EFBC}") = "DummyControl", "DummyControl\DummyControl.csproj", "{F5ECF97D-0A1C-49E8-91EB-55BC67C89A71}"
EndProject
Project("{FAE04EC0-301F-11D3-BF4B-00C04F79EFBC}") = "DummyControlTestApp", "DummyControlTestApp\DummyControlTestApp.csproj", "{44401265-DD87-4A56-B196-144D70BCDDF1}"
EndProject
Global
	GlobalSection(SolutionConfigurationPlatforms) = preSolution
		Debug|Any CPU = Debug|Any CPU
		Release|Any CPU = Release|Any CPU
	EndGlobalSection
	GlobalSection(ProjectConfigurationPlatforms) = postSolution
		{F5ECF97D-0A1C-49E8-91EB-55BC67C89A71}.Debug|Any CPU.ActiveCfg = Debug|Any CPU
		{F5ECF97D-0A1C-49E8-91EB-55BC67C89A71}.Debug|Any CPU.Build.0 = Debug|Any CPU
		{F5ECF97D-0A1C-49E8-91EB-55BC67C89A71}.Release|Any CPU.ActiveCfg = Release|Any CPU
		{F5ECF97D-0A1C-49E8-91EB-55BC67C89A71}.Release|Any CPU.Build.0 = Release|Any CPU
		{44401265-DD87-4A56-B196-144D70BCDDF1}.Debug|Any CPU.ActiveCfg = Debug|Any CPU
		{44401265-DD87-4A56-B196-144D70BCDDF1}.Debug|Any CPU.Build.0 = Debug|Any CPU
		{44401265-DD87-4A56-B196-144D70BCDDF1}.Release|Any CPU.ActiveCfg = Release|Any CPU
		{44401265-DD87-4A56-B196-144D70BCDDF1}.Release|Any CPU.Build.0 = Release|Any CPU
	EndGlobalSection
	GlobalSection(SolutionProperties) = preSolution
		HideSolutionNode = FALSE
	EndGlobalSection
EndGlobal
