<?xml version="1.0" encoding="utf-8"?>
<Project ToolsVersion="4.0" xmlns="http://schemas.microsoft.com/developer/msbuild/2003">
  <ItemGroup>
    <Filter Include="Source Files">
      <UniqueIdentifier>{D179949D-6A85-48b6-961F-586573DC9682}</UniqueIdentifier>
      <Extensions>cpp;c;cc;cxx;def;odl;idl;hpj;bat;asm;asmx</Extensions>
    </Filter>
    <Filter Include="Header Files">
      <UniqueIdentifier>{D1E9C809-0F2E-49fa-91BC-F1A171C90F42}</UniqueIdentifier>
      <Extensions>h;hpp;hxx;hm;inl;inc;xsd</Extensions>
    </Filter>
    <Filter Include="Resource Files">
      <UniqueIdentifier>{860FB66A-4A44-4871-A6CF-8E1B52AB54D8}</UniqueIdentifier>
      <Extensions>rc;ico;cur;bmp;dlg;rc2;rct;bin;rgs;gif;jpg;jpeg;jpe;resx;tiff;tif;png;wav</Extensions>
    </Filter>
  </ItemGroup>
  <ItemGroup>
    <ClCompile Include="dllmain.cpp">
      <Filter>Source Files</Filter>
    </ClCompile>
    <ClCompile Include="stdafx.cpp">
      <Filter>Source Files</Filter>
    </ClCompile>
    <ClCompile Include="ThorTSI.cpp">
      <Filter>Source Files</Filter>
    </ClCompile>
    <ClCompile Include="GetSetParam.cpp">
      <Filter>Source Files</Filter>
    </ClCompile>
  </ItemGroup>
  <ItemGroup>
    <ClInclude Include="..\..\..\..\Common\Camera.h">
      <Filter>Header Files</Filter>
    </ClInclude>
    <ClInclude Include="resource.h">
      <Filter>Header Files</Filter>
    </ClInclude>
    <ClInclude Include="stdafx.h">
      <Filter>Header Files</Filter>
    </ClInclude>
    <ClInclude Include="targetver.h">
      <Filter>Header Files</Filter>
    </ClInclude>
    <ClInclude Include="ThorTSI.h">
      <Filter>Header Files</Filter>
    </ClInclude>
    <ClInclude Include="inc\TsiCamera.h">
      <Filter>Header Files</Filter>
    </ClInclude>
    <ClInclude Include="inc\TsiError.h">
      <Filter>Header Files</Filter>
    </ClInclude>
    <ClInclude Include="inc\TsiImage.h">
      <Filter>Header Files</Filter>
    </ClInclude>
    <ClInclude Include="inc\TsiSDK.h">
      <Filter>Header Files</Filter>
    </ClInclude>
    <ClInclude Include="inc\platform_specific.h">
      <Filter>Header Files</Filter>
    </ClInclude>
    <ClInclude Include="inc\TsiColorCamera.h">
      <Filter>Header Files</Filter>
    </ClInclude>
    <ClInclude Include="inc\TsiColorImage.h">
      <Filter>Header Files</Filter>
    </ClInclude>
    <ClInclude Include="inc\TsiCameraInternal.h">
      <Filter>Header Files</Filter>
    </ClInclude>
  </ItemGroup>
  <ItemGroup>
    <ResourceCompile Include="ThorTSI.rc">
      <Filter>Resource Files</Filter>
    </ResourceCompile>
  </ItemGroup>
  <ItemGroup>
    <Text Include="ReadMe.txt" />
  </ItemGroup>
</Project>