
Microsoft Visual Studio Solution File, Format Version 12.00
# Visual Studio 15
VisualStudioVersion = 15.0.26430.14
MinimumVisualStudioVersion = 10.0.40219.1
Project("{FAE04EC0-301F-11D3-BF4B-00C04F79EFBC}") = "LampControlMVM", "LampControlMVM\LampControlMVM.csproj", "{AFAC32BC-00F3-49F0-8E85-01F51CB0E2B4}"
EndProject
Global
	GlobalSection(SolutionConfigurationPlatforms) = preSolution
		Debug|Any CPU = Debug|Any CPU
		Release|Any CPU = Release|Any CPU
	EndGlobalSection
	GlobalSection(ProjectConfigurationPlatforms) = postSolution
		{AFAC32BC-00F3-49F0-8E85-01F51CB0E2B4}.Debug|Any CPU.ActiveCfg = Debug|Any CPU
		{AFAC32BC-00F3-49F0-8E85-01F51CB0E2B4}.Debug|Any CPU.Build.0 = Debug|Any CPU
		{AFAC32BC-00F3-49F0-8E85-01F51CB0E2B4}.Release|Any CPU.ActiveCfg = Release|Any CPU
		{AFAC32BC-00F3-49F0-8E85-01F51CB0E2B4}.Release|Any CPU.Build.0 = Release|Any CPU
	EndGlobalSection
	GlobalSection(SolutionProperties) = preSolution
		HideSolutionNode = FALSE
	EndGlobalSection
	GlobalSection(TeamFoundationVersionControl) = preSolution
		SccNumberOfProjects = 2
		SccEnterpriseProvider = {4CA58AB2-18FA-4F8D-95D4-32DDF27D184C}
		SccTeamFoundationServer = http://stl-tfs1:8080/tfs/thorimagels
		SccLocalPath0 = .
		SccProjectUniqueName1 = LampControlMVM\\LampControlMVM.csproj
		SccProjectName1 = LampControlMVM
		SccLocalPath1 = LampControlMVM
	EndGlobalSection
EndGlobal
