
Microsoft Visual Studio Solution File, Format Version 12.00
# Visual Studio 2012
Project("{FAE04EC0-301F-11D3-BF4B-00C04F79EFBC}") = "ThreePhotonControl", "ThreePhotonControl\ThreePhotonControl.csproj", "{9E55B59D-B084-44E5-A2AF-2B135AD9204F}"
EndProject
Project("{FAE04EC0-301F-11D3-BF4B-00C04F79EFBC}") = "ThreePhotonControlTestApp", "ThreePhotonControlTestApp\ThreePhotonControlTestApp.csproj", "{44401265-DD87-4A56-B196-144D70BCDDF1}"
EndProject
Global
	GlobalSection(TeamFoundationVersionControl) = preSolution
		SccNumberOfProjects = 3
		SccEnterpriseProvider = {4CA58AB2-18FA-4F8D-95D4-32DDF27D184C}
		SccTeamFoundationServer = http://stl-tfs1:8080/tfs/thorimagels
		SccLocalPath0 = .
		SccProjectUniqueName1 = ThreePhotonControl\\ThreePhotonControl.csproj
		SccProjectName1 = ThreePhotonControl
		SccLocalPath1 = ThreePhotonControl
		SccProjectUniqueName2 = ThreePhotonControlTestApp\\ThreePhotonControlTestApp.csproj
		SccProjectName2 = ThreePhotonControlTestApp
		SccLocalPath2 = ThreePhotonControlTestApp
	EndGlobalSection
	GlobalSection(SolutionConfigurationPlatforms) = preSolution
		Debug|Any CPU = Debug|Any CPU
		Release|Any CPU = Release|Any CPU
	EndGlobalSection
	GlobalSection(ProjectConfigurationPlatforms) = postSolution
		{9E55B59D-B084-44E5-A2AF-2B135AD9204F}.Debug|Any CPU.ActiveCfg = Debug|Any CPU
		{9E55B59D-B084-44E5-A2AF-2B135AD9204F}.Debug|Any CPU.Build.0 = Debug|Any CPU
		{9E55B59D-B084-44E5-A2AF-2B135AD9204F}.Release|Any CPU.ActiveCfg = Release|Any CPU
		{9E55B59D-B084-44E5-A2AF-2B135AD9204F}.Release|Any CPU.Build.0 = Release|Any CPU
		{44401265-DD87-4A56-B196-144D70BCDDF1}.Debug|Any CPU.ActiveCfg = Debug|Any CPU
		{44401265-DD87-4A56-B196-144D70BCDDF1}.Debug|Any CPU.Build.0 = Debug|Any CPU
		{44401265-DD87-4A56-B196-144D70BCDDF1}.Release|Any CPU.ActiveCfg = Release|Any CPU
		{44401265-DD87-4A56-B196-144D70BCDDF1}.Release|Any CPU.Build.0 = Release|Any CPU
	EndGlobalSection
	GlobalSection(SolutionProperties) = preSolution
		HideSolutionNode = FALSE
	EndGlobalSection
EndGlobal
