
Microsoft Visual Studio Solution File, Format Version 12.00
# Visual Studio 2012
Project("{FAE04EC0-301F-11D3-BF4B-00C04F79EFBC}") = "GeometryUtilities", "GeometryUtilities\GeometryUtilities.csproj", "{D805598F-51ED-4B41-906E-718A7F883880}"
EndProject
Project("{8BC9CEB8-8B4A-11D0-8D11-00A0C91BC942}") = "GeometryUtilitiesCPP", "ImageWaveformBuilder\ImageWaveformBuilder.vcxproj", "{4CEB1DEF-B673-4CCD-9EFB-DDB9DC90CAA7}"
EndProject
Global
	GlobalSection(TeamFoundationVersionControl) = preSolution
		SccNumberOfProjects = 3
		SccEnterpriseProvider = {4CA58AB2-18FA-4F8D-95D4-32DDF27D184C}
		SccTeamFoundationServer = http://vateam02:8080/tfs/thorimagels
		SccLocalPath0 = .
		SccProjectUniqueName1 = GeometryUtilities\\GeometryUtilities.csproj
		SccProjectName1 = GeometryUtilities
		SccLocalPath1 = GeometryUtilities
		SccProjectUniqueName2 = ImageWaveformBuilder\\ImageWaveformBuilder.vcxproj
		SccProjectName2 = ImageWaveformBuilder
		SccLocalPath2 = ImageWaveformBuilder
	EndGlobalSection
	GlobalSection(SolutionConfigurationPlatforms) = preSolution
		Debug|Any CPU = Debug|Any CPU
		Debug|Mixed Platforms = Debug|Mixed Platforms
		Debug|Win32 = Debug|Win32
		Debug|x64 = Debug|x64
		Release|Any CPU = Release|Any CPU
		Release|Mixed Platforms = Release|Mixed Platforms
		Release|Win32 = Release|Win32
		Release|x64 = Release|x64
	EndGlobalSection
	GlobalSection(ProjectConfigurationPlatforms) = postSolution
		{D805598F-51ED-4B41-906E-718A7F883880}.Debug|Any CPU.ActiveCfg = Debug|Any CPU
		{D805598F-51ED-4B41-906E-718A7F883880}.Debug|Any CPU.Build.0 = Debug|Any CPU
		{D805598F-51ED-4B41-906E-718A7F883880}.Debug|Mixed Platforms.ActiveCfg = Debug|Any CPU
		{D805598F-51ED-4B41-906E-718A7F883880}.Debug|Mixed Platforms.Build.0 = Debug|Any CPU
		{D805598F-51ED-4B41-906E-718A7F883880}.Debug|Win32.ActiveCfg = Debug|Any CPU
		{D805598F-51ED-4B41-906E-718A7F883880}.Debug|x64.ActiveCfg = Debug|Any CPU
		{D805598F-51ED-4B41-906E-718A7F883880}.Release|Any CPU.ActiveCfg = Release|Any CPU
		{D805598F-51ED-4B41-906E-718A7F883880}.Release|Any CPU.Build.0 = Release|Any CPU
		{D805598F-51ED-4B41-906E-718A7F883880}.Release|Mixed Platforms.ActiveCfg = Release|Any CPU
		{D805598F-51ED-4B41-906E-718A7F883880}.Release|Mixed Platforms.Build.0 = Release|Any CPU
		{D805598F-51ED-4B41-906E-718A7F883880}.Release|Win32.ActiveCfg = Release|Any CPU
		{D805598F-51ED-4B41-906E-718A7F883880}.Release|x64.ActiveCfg = Release|Any CPU
		{4CEB1DEF-B673-4CCD-9EFB-DDB9DC90CAA7}.Debug|Any CPU.ActiveCfg = Debug|x64
		{4CEB1DEF-B673-4CCD-9EFB-DDB9DC90CAA7}.Debug|Mixed Platforms.ActiveCfg = Debug|x64
		{4CEB1DEF-B673-4CCD-9EFB-DDB9DC90CAA7}.Debug|Mixed Platforms.Build.0 = Debug|x64
		{4CEB1DEF-B673-4CCD-9EFB-DDB9DC90CAA7}.Debug|Win32.ActiveCfg = Debug|Win32
		{4CEB1DEF-B673-4CCD-9EFB-DDB9DC90CAA7}.Debug|Win32.Build.0 = Debug|Win32
		{4CEB1DEF-B673-4CCD-9EFB-DDB9DC90CAA7}.Debug|x64.ActiveCfg = Debug|x64
		{4CEB1DEF-B673-4CCD-9EFB-DDB9DC90CAA7}.Debug|x64.Build.0 = Debug|x64
		{4CEB1DEF-B673-4CCD-9EFB-DDB9DC90CAA7}.Release|Any CPU.ActiveCfg = Release|x64
		{4CEB1DEF-B673-4CCD-9EFB-DDB9DC90CAA7}.Release|Mixed Platforms.ActiveCfg = Release|x64
		{4CEB1DEF-B673-4CCD-9EFB-DDB9DC90CAA7}.Release|Mixed Platforms.Build.0 = Release|x64
		{4CEB1DEF-B673-4CCD-9EFB-DDB9DC90CAA7}.Release|Win32.ActiveCfg = Release|Win32
		{4CEB1DEF-B673-4CCD-9EFB-DDB9DC90CAA7}.Release|Win32.Build.0 = Release|Win32
		{4CEB1DEF-B673-4CCD-9EFB-DDB9DC90CAA7}.Release|x64.ActiveCfg = Release|x64
		{4CEB1DEF-B673-4CCD-9EFB-DDB9DC90CAA7}.Release|x64.Build.0 = Release|x64
	EndGlobalSection
	GlobalSection(SolutionProperties) = preSolution
		HideSolutionNode = FALSE
	EndGlobalSection
EndGlobal
