
Microsoft Visual Studio Solution File, Format Version 12.00
# Visual Studio Version 16
VisualStudioVersion = 16.0.29409.12
MinimumVisualStudioVersion = 10.0.40219.1
Project("{8BC9CEB8-8B4A-11D0-8D11-00A0C91BC942}") = "tdNWLdriver", "tdNWLdriver\tdNWLdriver.vcxproj", "{03F1A5F4-501E-4BB9-866C-5E02A7A07A82}"
EndProject
Project("{8BC9CEB8-8B4A-11D0-8D11-00A0C91BC942}") = "tdNWLdriver Package", "tdNWLdriver Package\tdNWLdriver Package.vcxproj", "{DB5F22C4-50C9-4874-A7C6-FB915772EDD2}"
EndProject
Global
	GlobalSection(SolutionConfigurationPlatforms) = preSolution
		Debug|ARM = Debug|ARM
		Debug|ARM64 = Debug|ARM64
		Debug|x64 = Debug|x64
		Debug|x86 = Debug|x86
		Release|ARM = Release|ARM
		Release|ARM64 = Release|ARM64
		Release|x64 = Release|x64
		Release|x86 = Release|x86
	EndGlobalSection
	GlobalSection(ProjectConfigurationPlatforms) = postSolution
		{03F1A5F4-501E-4BB9-866C-5E02A7A07A82}.Debug|ARM.ActiveCfg = Debug|ARM
		{03F1A5F4-501E-4BB9-866C-5E02A7A07A82}.Debug|ARM.Build.0 = Debug|ARM
		{03F1A5F4-501E-4BB9-866C-5E02A7A07A82}.Debug|ARM.Deploy.0 = Debug|ARM
		{03F1A5F4-501E-4BB9-866C-5E02A7A07A82}.Debug|ARM64.ActiveCfg = Debug|ARM64
		{03F1A5F4-501E-4BB9-866C-5E02A7A07A82}.Debug|ARM64.Build.0 = Debug|ARM64
		{03F1A5F4-501E-4BB9-866C-5E02A7A07A82}.Debug|ARM64.Deploy.0 = Debug|ARM64
		{03F1A5F4-501E-4BB9-866C-5E02A7A07A82}.Debug|x64.ActiveCfg = Debug|x64
		{03F1A5F4-501E-4BB9-866C-5E02A7A07A82}.Debug|x64.Build.0 = Debug|x64
		{03F1A5F4-501E-4BB9-866C-5E02A7A07A82}.Debug|x64.Deploy.0 = Debug|x64
		{03F1A5F4-501E-4BB9-866C-5E02A7A07A82}.Debug|x86.ActiveCfg = Debug|Win32
		{03F1A5F4-501E-4BB9-866C-5E02A7A07A82}.Debug|x86.Build.0 = Debug|Win32
		{03F1A5F4-501E-4BB9-866C-5E02A7A07A82}.Debug|x86.Deploy.0 = Debug|Win32
		{03F1A5F4-501E-4BB9-866C-5E02A7A07A82}.Release|ARM.ActiveCfg = Release|ARM
		{03F1A5F4-501E-4BB9-866C-5E02A7A07A82}.Release|ARM.Build.0 = Release|ARM
		{03F1A5F4-501E-4BB9-866C-5E02A7A07A82}.Release|ARM.Deploy.0 = Release|ARM
		{03F1A5F4-501E-4BB9-866C-5E02A7A07A82}.Release|ARM64.ActiveCfg = Release|ARM64
		{03F1A5F4-501E-4BB9-866C-5E02A7A07A82}.Release|ARM64.Build.0 = Release|ARM64
		{03F1A5F4-501E-4BB9-866C-5E02A7A07A82}.Release|ARM64.Deploy.0 = Release|ARM64
		{03F1A5F4-501E-4BB9-866C-5E02A7A07A82}.Release|x64.ActiveCfg = Release|x64
		{03F1A5F4-501E-4BB9-866C-5E02A7A07A82}.Release|x64.Build.0 = Release|x64
		{03F1A5F4-501E-4BB9-866C-5E02A7A07A82}.Release|x64.Deploy.0 = Release|x64
		{03F1A5F4-501E-4BB9-866C-5E02A7A07A82}.Release|x86.ActiveCfg = Release|Win32
		{03F1A5F4-501E-4BB9-866C-5E02A7A07A82}.Release|x86.Build.0 = Release|Win32
		{03F1A5F4-501E-4BB9-866C-5E02A7A07A82}.Release|x86.Deploy.0 = Release|Win32
		{DB5F22C4-50C9-4874-A7C6-FB915772EDD2}.Debug|ARM.ActiveCfg = Debug|ARM
		{DB5F22C4-50C9-4874-A7C6-FB915772EDD2}.Debug|ARM.Build.0 = Debug|ARM
		{DB5F22C4-50C9-4874-A7C6-FB915772EDD2}.Debug|ARM.Deploy.0 = Debug|ARM
		{DB5F22C4-50C9-4874-A7C6-FB915772EDD2}.Debug|ARM64.ActiveCfg = Debug|ARM64
		{DB5F22C4-50C9-4874-A7C6-FB915772EDD2}.Debug|ARM64.Build.0 = Debug|ARM64
		{DB5F22C4-50C9-4874-A7C6-FB915772EDD2}.Debug|ARM64.Deploy.0 = Debug|ARM64
		{DB5F22C4-50C9-4874-A7C6-FB915772EDD2}.Debug|x64.ActiveCfg = Debug|x64
		{DB5F22C4-50C9-4874-A7C6-FB915772EDD2}.Debug|x64.Build.0 = Debug|x64
		{DB5F22C4-50C9-4874-A7C6-FB915772EDD2}.Debug|x64.Deploy.0 = Debug|x64
		{DB5F22C4-50C9-4874-A7C6-FB915772EDD2}.Debug|x86.ActiveCfg = Debug|Win32
		{DB5F22C4-50C9-4874-A7C6-FB915772EDD2}.Debug|x86.Build.0 = Debug|Win32
		{DB5F22C4-50C9-4874-A7C6-FB915772EDD2}.Debug|x86.Deploy.0 = Debug|Win32
		{DB5F22C4-50C9-4874-A7C6-FB915772EDD2}.Release|ARM.ActiveCfg = Release|ARM
		{DB5F22C4-50C9-4874-A7C6-FB915772EDD2}.Release|ARM.Build.0 = Release|ARM
		{DB5F22C4-50C9-4874-A7C6-FB915772EDD2}.Release|ARM.Deploy.0 = Release|ARM
		{DB5F22C4-50C9-4874-A7C6-FB915772EDD2}.Release|ARM64.ActiveCfg = Release|ARM64
		{DB5F22C4-50C9-4874-A7C6-FB915772EDD2}.Release|ARM64.Build.0 = Release|ARM64
		{DB5F22C4-50C9-4874-A7C6-FB915772EDD2}.Release|ARM64.Deploy.0 = Release|ARM64
		{DB5F22C4-50C9-4874-A7C6-FB915772EDD2}.Release|x64.ActiveCfg = Release|x64
		{DB5F22C4-50C9-4874-A7C6-FB915772EDD2}.Release|x64.Build.0 = Release|x64
		{DB5F22C4-50C9-4874-A7C6-FB915772EDD2}.Release|x64.Deploy.0 = Release|x64
		{DB5F22C4-50C9-4874-A7C6-FB915772EDD2}.Release|x86.ActiveCfg = Release|Win32
		{DB5F22C4-50C9-4874-A7C6-FB915772EDD2}.Release|x86.Build.0 = Release|Win32
		{DB5F22C4-50C9-4874-A7C6-FB915772EDD2}.Release|x86.Deploy.0 = Release|Win32
	EndGlobalSection
	GlobalSection(SolutionProperties) = preSolution
		HideSolutionNode = FALSE
	EndGlobalSection
	GlobalSection(ExtensibilityGlobals) = postSolution
		SolutionGuid = {71C16F24-0DE3-463A-84AB-BF8C8C4FCA01}
	EndGlobalSection
EndGlobal
