<?xml version="1.0" encoding="utf-8"?>
<Project ToolsVersion="4.0" xmlns="http://schemas.microsoft.com/developer/msbuild/2003">
  <ItemGroup>
    <Filter Include="Header Files">
      <UniqueIdentifier>{42D1FB52-3D07-3EDC-8F2D-2E48C8791255}</UniqueIdentifier>
    </Filter>
    <Filter Include="Source Files">
      <UniqueIdentifier>{D91D199F-B1CC-3F49-9B52-22714ACCDF62}</UniqueIdentifier>
    </Filter>
  </ItemGroup>
  <ItemGroup>
    <ClCompile Include="..\..\..\src\tinyxml2\tinyxml2.cpp">
      <Filter>Source Files</Filter>
    </ClCompile>
  </ItemGroup>
  <ItemGroup>
    <ClInclude Include="..\..\..\src\tinyxml2\tinyxml2.h">
      <Filter>Header Files</Filter>
    </ClInclude>
  </ItemGroup>
</Project>