
Microsoft Visual Studio Solution File, Format Version 12.00
# Visual Studio 15
VisualStudioVersion = 15.0.26430.14
MinimumVisualStudioVersion = 10.0.40219.1
Project("{FAE04EC0-301F-11D3-BF4B-00C04F79EFBC}") = "LampControl", "LampControl\LampControl.csproj", "{3FB495B2-9025-4067-802E-006B91F09D74}"
EndProject
Project("{FAE04EC0-301F-11D3-BF4B-00C04F79EFBC}") = "LampControlTestApp", "LampControlTestApp\LampControlTestApp.csproj", "{44401265-DD87-4A56-B196-144D70BCDDF1}"
EndProject
Global
	GlobalSection(SolutionConfigurationPlatforms) = preSolution
		Debug|Any CPU = Debug|Any CPU
		Release|Any CPU = Release|Any CPU
	EndGlobalSection
	GlobalSection(ProjectConfigurationPlatforms) = postSolution
		{3FB495B2-9025-4067-802E-006B91F09D74}.Debug|Any CPU.ActiveCfg = Debug|Any CPU
		{3FB495B2-9025-4067-802E-006B91F09D74}.Debug|Any CPU.Build.0 = Debug|Any CPU
		{3FB495B2-9025-4067-802E-006B91F09D74}.Release|Any CPU.ActiveCfg = Release|Any CPU
		{3FB495B2-9025-4067-802E-006B91F09D74}.Release|Any CPU.Build.0 = Release|Any CPU
		{44401265-DD87-4A56-B196-144D70BCDDF1}.Debug|Any CPU.ActiveCfg = Debug|Any CPU
		{44401265-DD87-4A56-B196-144D70BCDDF1}.Debug|Any CPU.Build.0 = Debug|Any CPU
		{44401265-DD87-4A56-B196-144D70BCDDF1}.Release|Any CPU.ActiveCfg = Release|Any CPU
		{44401265-DD87-4A56-B196-144D70BCDDF1}.Release|Any CPU.Build.0 = Release|Any CPU
	EndGlobalSection
	GlobalSection(SolutionProperties) = preSolution
		HideSolutionNode = FALSE
	EndGlobalSection
	GlobalSection(TeamFoundationVersionControl) = preSolution
		SccNumberOfProjects = 3
		SccEnterpriseProvider = {4CA58AB2-18FA-4F8D-95D4-32DDF27D184C}
		SccTeamFoundationServer = http://stl-tfs1:8080/tfs/thorimagels
		SccLocalPath0 = .
		SccProjectUniqueName1 = LampControl\\LampControl.csproj
		SccProjectName1 = LampControl
		SccLocalPath1 = LampControl
		SccProjectUniqueName2 = LampControlTestApp\\LampControlTestApp.csproj
		SccProjectName2 = LampControlTestApp
		SccLocalPath2 = LampControlTestApp
	EndGlobalSection
EndGlobal
