
Microsoft Visual Studio Solution File, Format Version 12.00
# Visual Studio 2012
Project("{FAE04EC0-301F-11D3-BF4B-00C04F79EFBC}") = "XMLViewer", "XMLViewer\XMLViewer.csproj", "{11D17F23-E54C-47D3-A04C-1338F456AC87}"
EndProject
Project("{FAE04EC0-301F-11D3-BF4B-00C04F79EFBC}") = "XmlViewerTestApp", "XmlViewerTestApp\XmlViewerTestApp.csproj", "{29E9D271-A16D-49F3-AE7E-282CAFCE92D0}"
EndProject
Global
	GlobalSection(TeamFoundationVersionControl) = preSolution
		SccNumberOfProjects = 1
		SccEnterpriseProvider = {4CA58AB2-18FA-4F8D-95D4-32DDF27D184C}
		SccTeamFoundationServer = http://stl-tfs1:8080/tfs/thorimagels
		SccProjectUniqueName0 = XMLViewer\\XMLViewer.csproj
		SccProjectName0 = XMLViewer
		SccAuxPath0 = http://stl-tfs1:8080/tfs/thorimagels
		SccLocalPath0 = XMLViewer
		SccProvider0 = {4CA58AB2-18FA-4F8D-95D4-32DDF27D184C}
	EndGlobalSection
	GlobalSection(SolutionConfigurationPlatforms) = preSolution
		Debug|Any CPU = Debug|Any CPU
		Release|Any CPU = Release|Any CPU
	EndGlobalSection
	GlobalSection(ProjectConfigurationPlatforms) = postSolution
		{11D17F23-E54C-47D3-A04C-1338F456AC87}.Debug|Any CPU.ActiveCfg = Debug|Any CPU
		{11D17F23-E54C-47D3-A04C-1338F456AC87}.Debug|Any CPU.Build.0 = Debug|Any CPU
		{11D17F23-E54C-47D3-A04C-1338F456AC87}.Release|Any CPU.ActiveCfg = Release|Any CPU
		{11D17F23-E54C-47D3-A04C-1338F456AC87}.Release|Any CPU.Build.0 = Release|Any CPU
		{29E9D271-A16D-49F3-AE7E-282CAFCE92D0}.Debug|Any CPU.ActiveCfg = Debug|Any CPU
		{29E9D271-A16D-49F3-AE7E-282CAFCE92D0}.Debug|Any CPU.Build.0 = Debug|Any CPU
		{29E9D271-A16D-49F3-AE7E-282CAFCE92D0}.Release|Any CPU.ActiveCfg = Release|Any CPU
		{29E9D271-A16D-49F3-AE7E-282CAFCE92D0}.Release|Any CPU.Build.0 = Release|Any CPU
	EndGlobalSection
	GlobalSection(SolutionProperties) = preSolution
		HideSolutionNode = FALSE
	EndGlobalSection
EndGlobal
