
Microsoft Visual Studio Solution File, Format Version 12.00
# Visual Studio 2012
Project("{FAE04EC0-301F-11D3-BF4B-00C04F79EFBC}") = "QuickTemplatesControl", "QuickTemplatesControl\QuickTemplatesControl.csproj", "{7F995B08-B38B-41F1-9A36-CCE17279CA0C}"
EndProject
Project("{FAE04EC0-301F-11D3-BF4B-00C04F79EFBC}") = "QuickTemplatesControlTestApp", "QuickTemplatesControlTestApp\QuickTemplatesControlTestApp.csproj", "{44401265-DD87-4A56-B196-144D70BCDDF1}"
EndProject
Global
	GlobalSection(TeamFoundationVersionControl) = preSolution
		SccNumberOfProjects = 3
		SccEnterpriseProvider = {4CA58AB2-18FA-4F8D-95D4-32DDF27D184C}
		SccTeamFoundationServer = http://stl-tfs1:8080/tfs/thorimagels
		SccLocalPath0 = .
		SccProjectUniqueName1 = QuickTemplatesControl\\QuickTemplatesControl.csproj
		SccProjectName1 = QuickTemplatesControl
		SccLocalPath1 = QuickTemplatesControl
		SccProjectUniqueName2 = QuickTemplatesControlTestApp\\QuickTemplatesControlTestApp.csproj
		SccProjectName2 = QuickTemplatesControlTestApp
		SccLocalPath2 = QuickTemplatesControlTestApp
	EndGlobalSection
	GlobalSection(SolutionConfigurationPlatforms) = preSolution
		Debug|Any CPU = Debug|Any CPU
		Release|Any CPU = Release|Any CPU
	EndGlobalSection
	GlobalSection(ProjectConfigurationPlatforms) = postSolution
		{7F995B08-B38B-41F1-9A36-CCE17279CA0C}.Debug|Any CPU.ActiveCfg = Debug|Any CPU
		{7F995B08-B38B-41F1-9A36-CCE17279CA0C}.Debug|Any CPU.Build.0 = Debug|Any CPU
		{7F995B08-B38B-41F1-9A36-CCE17279CA0C}.Release|Any CPU.ActiveCfg = Release|Any CPU
		{7F995B08-B38B-41F1-9A36-CCE17279CA0C}.Release|Any CPU.Build.0 = Release|Any CPU
		{44401265-DD87-4A56-B196-144D70BCDDF1}.Debug|Any CPU.ActiveCfg = Debug|Any CPU
		{44401265-DD87-4A56-B196-144D70BCDDF1}.Debug|Any CPU.Build.0 = Debug|Any CPU
		{44401265-DD87-4A56-B196-144D70BCDDF1}.Release|Any CPU.ActiveCfg = Release|Any CPU
		{44401265-DD87-4A56-B196-144D70BCDDF1}.Release|Any CPU.Build.0 = Release|Any CPU
	EndGlobalSection
	GlobalSection(SolutionProperties) = preSolution
		HideSolutionNode = FALSE
	EndGlobalSection
EndGlobal
