
Microsoft Visual Studio Solution File, Format Version 12.00
# Visual Studio 15
VisualStudioVersion = 15.0.26430.14
MinimumVisualStudioVersion = 10.0.40219.1
Project("{FAE04EC0-301F-11D3-BF4B-00C04F79EFBC}") = "LightEngineControlMVM", "LightEngineControlMVM\LightEngineControlMVM.csproj", "{A64C6A8B-A426-42EE-A364-79349A400BED}"
EndProject
Global
	GlobalSection(SolutionConfigurationPlatforms) = preSolution
		Debug|Any CPU = Debug|Any CPU
		Release|Any CPU = Release|Any CPU
	EndGlobalSection
	GlobalSection(ProjectConfigurationPlatforms) = postSolution
		{A64C6A8B-A426-42EE-A364-79349A400BED}.Debug|Any CPU.ActiveCfg = Debug|Any CPU
		{A64C6A8B-A426-42EE-A364-79349A400BED}.Debug|Any CPU.Build.0 = Debug|Any CPU
		{A64C6A8B-A426-42EE-A364-79349A400BED}.Release|Any CPU.ActiveCfg = Release|Any CPU
		{A64C6A8B-A426-42EE-A364-79349A400BED}.Release|Any CPU.Build.0 = Release|Any CPU
	EndGlobalSection
	GlobalSection(SolutionProperties) = preSolution
		HideSolutionNode = FALSE
	EndGlobalSection
	GlobalSection(TeamFoundationVersionControl) = preSolution
		SccNumberOfProjects = 2
		SccEnterpriseProvider = {4CA58AB2-18FA-4F8D-95D4-32DDF27D184C}
		SccTeamFoundationServer = http://stl-tfs1:8080/tfs/thorimagels
		SccLocalPath0 = .
		SccProjectUniqueName1 = LightEngineControlMVM\\LightEngineControlMVM.csproj
		SccProjectName1 = LightEngineControlMVM
		SccLocalPath1 = LightEngineControlMVM
	EndGlobalSection
EndGlobal
