
Microsoft Visual Studio Solution File, Format Version 12.00
# Visual Studio 2012
Project("{FAE04EC0-301F-11D3-BF4B-00C04F79EFBC}") = "CaptureOptionsControl", "CaptureOptionsControl\CaptureOptionsControl.csproj", "{E92F6685-9AB8-4E4D-B38E-C2B267F2334E}"
EndProject
Project("{FAE04EC0-301F-11D3-BF4B-00C04F79EFBC}") = "CaptureOptionsControlTestApp", "CaptureOptionsControlTestApp\CaptureOptionsControlTestApp.csproj", "{44401265-DD87-4A56-B196-144D70BCDDF1}"
EndProject
Global
	GlobalSection(TeamFoundationVersionControl) = preSolution
		SccNumberOfProjects = 3
		SccEnterpriseProvider = {4CA58AB2-18FA-4F8D-95D4-32DDF27D184C}
		SccTeamFoundationServer = http://stl-tfs1:8080/tfs/thorimagels
		SccLocalPath0 = .
		SccProjectUniqueName1 = CaptureOptionsControl\\CaptureOptionsControl.csproj
		SccProjectName1 = CaptureOptionsControl
		SccLocalPath1 = CaptureOptionsControl
		SccProjectUniqueName2 = CaptureOptionsControlTestApp\\CaptureOptionsControlTestApp.csproj
		SccProjectName2 = CaptureOptionsControlTestApp
		SccLocalPath2 = CaptureOptionsControlTestApp
	EndGlobalSection
	GlobalSection(SolutionConfigurationPlatforms) = preSolution
		Debug|Any CPU = Debug|Any CPU
		Release|Any CPU = Release|Any CPU
	EndGlobalSection
	GlobalSection(ProjectConfigurationPlatforms) = postSolution
		{E92F6685-9AB8-4E4D-B38E-C2B267F2334E}.Debug|Any CPU.ActiveCfg = Debug|Any CPU
		{E92F6685-9AB8-4E4D-B38E-C2B267F2334E}.Debug|Any CPU.Build.0 = Debug|Any CPU
		{E92F6685-9AB8-4E4D-B38E-C2B267F2334E}.Release|Any CPU.ActiveCfg = Release|Any CPU
		{E92F6685-9AB8-4E4D-B38E-C2B267F2334E}.Release|Any CPU.Build.0 = Release|Any CPU
		{44401265-DD87-4A56-B196-144D70BCDDF1}.Debug|Any CPU.ActiveCfg = Debug|Any CPU
		{44401265-DD87-4A56-B196-144D70BCDDF1}.Debug|Any CPU.Build.0 = Debug|Any CPU
		{44401265-DD87-4A56-B196-144D70BCDDF1}.Release|Any CPU.ActiveCfg = Release|Any CPU
		{44401265-DD87-4A56-B196-144D70BCDDF1}.Release|Any CPU.Build.0 = Release|Any CPU
	EndGlobalSection
	GlobalSection(SolutionProperties) = preSolution
		HideSolutionNode = FALSE
	EndGlobalSection
EndGlobal
