
Microsoft Visual Studio Solution File, Format Version 12.00
# Visual Studio 2012
Project("{FAE04EC0-301F-11D3-BF4B-00C04F79EFBC}") = "JPEGer_Process", "JPEGer_Process\JPEGer_Process.csproj", "{F74FD0AA-3FD9-4AF8-A78E-48C46AFDE7FA}"
EndProject
Global
	GlobalSection(TeamFoundationVersionControl) = preSolution
		SccNumberOfProjects = 2
		SccEnterpriseProvider = {4CA58AB2-18FA-4F8D-95D4-32DDF27D184C}
		SccTeamFoundationServer = http://vateam02:8080/tfs/defaultcollection
		SccLocalPath0 = .
		SccProjectUniqueName1 = JPEGer_Process\\JPEGer_Process.csproj
		SccProjectName1 = JPEGer_Process
		SccLocalPath1 = JPEGer_Process
	EndGlobalSection
	GlobalSection(SolutionConfigurationPlatforms) = preSolution
		Debug|Any CPU = Debug|Any CPU
		Release|Any CPU = Release|Any CPU
	EndGlobalSection
	GlobalSection(ProjectConfigurationPlatforms) = postSolution
		{F74FD0AA-3FD9-4AF8-A78E-48C46AFDE7FA}.Debug|Any CPU.ActiveCfg = Debug|Any CPU
		{F74FD0AA-3FD9-4AF8-A78E-48C46AFDE7FA}.Debug|Any CPU.Build.0 = Debug|Any CPU
		{F74FD0AA-3FD9-4AF8-A78E-48C46AFDE7FA}.Release|Any CPU.ActiveCfg = Release|Any CPU
		{F74FD0AA-3FD9-4AF8-A78E-48C46AFDE7FA}.Release|Any CPU.Build.0 = Release|Any CPU
	EndGlobalSection
	GlobalSection(SolutionProperties) = preSolution
		HideSolutionNode = FALSE
	EndGlobalSection
EndGlobal
