
Microsoft Visual Studio Solution File, Format Version 12.00
# Visual Studio 2012
Project("{8BC9CEB8-8B4A-11D0-8D11-00A0C91BC942}") = "HDF5IO", "HDF5IO\HDF5IO.vcxproj", "{43B2F64E-FEF7-4555-9DE1-C7FA524C32D0}"
EndProject
Global
	GlobalSection(TeamFoundationVersionControl) = preSolution
		SccNumberOfProjects = 1
		SccEnterpriseProvider = {4CA58AB2-18FA-4F8D-95D4-32DDF27D184C}
		SccTeamFoundationServer = http://vateam02:8080/tfs/thorimagels
		SccProjectUniqueName0 = HDF5IO\\HDF5IO.vcxproj
		SccProjectName0 = HDF5IO
		SccAuxPath0 = http://vateam02:8080/tfs/thorimagels
		SccLocalPath0 = HDF5IO
		SccProvider0 = {4CA58AB2-18FA-4F8D-95D4-32DDF27D184C}
	EndGlobalSection
	GlobalSection(SolutionConfigurationPlatforms) = preSolution
		Debug|Win32 = Debug|Win32
		Debug|x64 = Debug|x64
		Release|Win32 = Release|Win32
		Release|x64 = Release|x64
	EndGlobalSection
	GlobalSection(ProjectConfigurationPlatforms) = postSolution
		{43B2F64E-FEF7-4555-9DE1-C7FA524C32D0}.Debug|Win32.ActiveCfg = Debug|Win32
		{43B2F64E-FEF7-4555-9DE1-C7FA524C32D0}.Debug|Win32.Build.0 = Debug|Win32
		{43B2F64E-FEF7-4555-9DE1-C7FA524C32D0}.Debug|x64.ActiveCfg = Debug|x64
		{43B2F64E-FEF7-4555-9DE1-C7FA524C32D0}.Debug|x64.Build.0 = Debug|x64
		{43B2F64E-FEF7-4555-9DE1-C7FA524C32D0}.Release|Win32.ActiveCfg = Release|Win32
		{43B2F64E-FEF7-4555-9DE1-C7FA524C32D0}.Release|Win32.Build.0 = Release|Win32
		{43B2F64E-FEF7-4555-9DE1-C7FA524C32D0}.Release|x64.ActiveCfg = Release|x64
		{43B2F64E-FEF7-4555-9DE1-C7FA524C32D0}.Release|x64.Build.0 = Release|x64
	EndGlobalSection
	GlobalSection(SolutionProperties) = preSolution
		HideSolutionNode = FALSE
	EndGlobalSection
EndGlobal
