
Microsoft Visual Studio Solution File, Format Version 12.00
# Visual Studio Version 16
VisualStudioVersion = 16.0.32228.343
MinimumVisualStudioVersion = 10.0.40219.1
Project("{FAE04EC0-301F-11D3-BF4B-00C04F79EFBC}") = "UpDownButtonsControl", "UpDownButtonsControl.csproj", "{F057C459-CE7E-4326-AB3D-E2B69ED57AF7}"
EndProject
Global
	GlobalSection(SolutionConfigurationPlatforms) = preSolution
		Debug|Any CPU = Debug|Any CPU
		Release|Any CPU = Release|Any CPU
	EndGlobalSection
	GlobalSection(ProjectConfigurationPlatforms) = postSolution
		{F057C459-CE7E-4326-AB3D-E2B69ED57AF7}.Debug|Any CPU.ActiveCfg = Debug|Any CPU
		{F057C459-CE7E-4326-AB3D-E2B69ED57AF7}.Debug|Any CPU.Build.0 = Debug|Any CPU
		{F057C459-CE7E-4326-AB3D-E2B69ED57AF7}.Release|Any CPU.ActiveCfg = Release|Any CPU
		{F057C459-CE7E-4326-AB3D-E2B69ED57AF7}.Release|Any CPU.Build.0 = Release|Any CPU
	EndGlobalSection
	GlobalSection(SolutionProperties) = preSolution
		HideSolutionNode = FALSE
	EndGlobalSection
	GlobalSection(ExtensibilityGlobals) = postSolution
		SolutionGuid = {FB84A2DB-0EAC-4D3D-9749-0205A6260AFC}
	EndGlobalSection
EndGlobal
